<?xml version="1.0" encoding="UTF-8"?>
<!DOCTYPE plist PUBLIC "-//Apple//DTD PLIST 1.0//EN" "http://www.apple.com/DTDs/PropertyList-1.0.dtd">
<plist version="1.0">
<dict>
	<key>archiveVersion</key>
	<string>1</string>
	<key>classes</key>
	<dict/>
	<key>objectVersion</key>
	<string>46</string>
	<key>objects</key>
	<dict>
		<key>05CA2D8D74DA4D5980499A12</key>
		<dict>
			<key>includeInIndex</key>
			<string>1</string>
			<key>isa</key>
			<string>PBXFileReference</string>
			<key>lastKnownFileType</key>
			<string>text.xcconfig</string>
			<key>name</key>
			<string>Pods.xcconfig</string>
			<key>path</key>
			<string>Pods/Pods.xcconfig</string>
			<key>sourceTree</key>
			<string>&lt;group&gt;</string>
		</dict>
		<key>3274519D6368454B9FE53A7C</key>
		<dict>
			<key>fileRef</key>
			<string>E6553D2C88714BF3B9B93A69</string>
			<key>isa</key>
			<string>PBXBuildFile</string>
		</dict>
		<key>4DFBD105CB2C4CEAB4AED56A</key>
		<dict>
			<key>buildActionMask</key>
			<string>2147483647</string>
			<key>files</key>
			<array/>
			<key>inputPaths</key>
			<array/>
			<key>isa</key>
			<string>PBXShellScriptBuildPhase</string>
			<key>name</key>
			<string>Copy Pods Resources</string>
			<key>outputPaths</key>
			<array/>
			<key>runOnlyForDeploymentPostprocessing</key>
			<string>0</string>
			<key>shellPath</key>
			<string>/bin/sh</string>
			<key>shellScript</key>
			<string>"${SRCROOT}/Pods/Pods-CryptoSnap-resources.sh"
</string>
			<key>showEnvVarsInLog</key>
			<string>0</string>
		</dict>
		<key>6B457A0A355748738C96674B</key>
		<dict>
			<key>buildActionMask</key>
			<string>2147483647</string>
			<key>files</key>
			<array/>
			<key>inputPaths</key>
			<array/>
			<key>isa</key>
			<string>PBXShellScriptBuildPhase</string>
			<key>name</key>
			<string>Check Pods Manifest.lock</string>
			<key>outputPaths</key>
			<array/>
			<key>runOnlyForDeploymentPostprocessing</key>
			<string>0</string>
			<key>shellPath</key>
			<string>/bin/sh</string>
			<key>shellScript</key>
			<string>diff "${PODS_ROOT}/../Podfile.lock" "${PODS_ROOT}/Manifest.lock" &gt; /dev/null
if [[ $? != 0 ]] ; then
    cat &lt;&lt; EOM
error: The sandbox is not in sync with the Podfile.lock. Run 'pod install' or update your CocoaPods installation.
EOM
    exit 1
fi
</string>
			<key>showEnvVarsInLog</key>
			<string>0</string>
		</dict>
		<key>A8F34B3B7D0140679C7896B9</key>
		<dict>
			<key>includeInIndex</key>
			<string>1</string>
			<key>isa</key>
			<string>PBXFileReference</string>
			<key>lastKnownFileType</key>
			<string>text.xcconfig</string>
			<key>name</key>
			<string>Pods-CryptoSnap.xcconfig</string>
			<key>path</key>
			<string>Pods/Pods-CryptoSnap.xcconfig</string>
			<key>sourceTree</key>
			<string>&lt;group&gt;</string>
		</dict>
		<key>E5E92E9C6DF649B8A8A9CFD4</key>
		<dict>
			<key>explicitFileType</key>
			<string>archive.ar</string>
			<key>includeInIndex</key>
			<string>0</string>
			<key>isa</key>
			<string>PBXFileReference</string>
			<key>path</key>
			<string>libPods.a</string>
			<key>sourceTree</key>
			<string>BUILT_PRODUCTS_DIR</string>
		</dict>
		<key>E6553D2C88714BF3B9B93A69</key>
		<dict>
			<key>explicitFileType</key>
			<string>archive.ar</string>
			<key>includeInIndex</key>
			<string>0</string>
			<key>isa</key>
			<string>PBXFileReference</string>
			<key>path</key>
			<string>libPods-CryptoSnap.a</string>
			<key>sourceTree</key>
			<string>BUILT_PRODUCTS_DIR</string>
		</dict>
		<key>F74C655518E90563006CB71E</key>
		<dict>
			<key>children</key>
			<array>
				<string>F74C656718E90563006CB71E</string>
				<string>F74C658018E90564006CB71E</string>
				<string>F74C656818E90563006CB71E</string>
				<string>F74C656018E90563006CB71E</string>
				<string>F74C655F18E90563006CB71E</string>
				<string>05CA2D8D74DA4D5980499A12</string>
				<string>A8F34B3B7D0140679C7896B9</string>
			</array>
			<key>isa</key>
			<string>PBXGroup</string>
			<key>sourceTree</key>
			<string>&lt;group&gt;</string>
		</dict>
		<key>F74C655618E90563006CB71E</key>
		<dict>
			<key>attributes</key>
			<dict>
				<key>CLASSPREFIX</key>
				<string>CS</string>
				<key>LastUpgradeCheck</key>
				<string>0510</string>
				<key>ORGANIZATIONNAME</key>
				<string>CryptoSnap</string>
				<key>TargetAttributes</key>
				<dict>
					<key>F74C655D18E90563006CB71E</key>
					<dict>
						<key>DevelopmentTeam</key>
						<string>TAYL98RB5T</string>
					</dict>
					<key>F74C657818E90564006CB71E</key>
					<dict>
						<key>TestTargetID</key>
						<string>F74C655D18E90563006CB71E</string>
					</dict>
				</dict>
			</dict>
			<key>buildConfigurationList</key>
			<string>F74C655918E90563006CB71E</string>
			<key>compatibilityVersion</key>
			<string>Xcode 3.2</string>
			<key>developmentRegion</key>
			<string>English</string>
			<key>hasScannedForEncodings</key>
			<string>0</string>
			<key>isa</key>
			<string>PBXProject</string>
			<key>knownRegions</key>
			<array>
				<string>en</string>
			</array>
			<key>mainGroup</key>
			<string>F74C655518E90563006CB71E</string>
			<key>productRefGroup</key>
			<string>F74C655F18E90563006CB71E</string>
			<key>projectDirPath</key>
			<string></string>
			<key>projectReferences</key>
			<array/>
			<key>projectRoot</key>
			<string></string>
			<key>targets</key>
			<array>
				<string>F74C655D18E90563006CB71E</string>
				<string>F74C657818E90564006CB71E</string>
			</array>
		</dict>
		<key>F74C655918E90563006CB71E</key>
		<dict>
			<key>buildConfigurations</key>
			<array>
				<string>F74C658818E90564006CB71E</string>
				<string>F74C658918E90564006CB71E</string>
			</array>
			<key>defaultConfigurationIsVisible</key>
			<string>0</string>
			<key>defaultConfigurationName</key>
			<string>Release</string>
			<key>isa</key>
			<string>XCConfigurationList</string>
		</dict>
		<key>F74C655A18E90563006CB71E</key>
		<dict>
			<key>buildActionMask</key>
			<string>2147483647</string>
			<key>files</key>
			<array>
				<string>F7AFFF32190B3F1F006AEFE2</string>
				<string>F7B054ED19172D83004CF82B</string>
				<string>F7E3DC0318E92687008A6678</string>
				<string>F768BD7519198CF60024FDB2</string>
				<string>F7AFFF61190DCC17006AEFE2</string>
				<string>F768BD871919C3180024FDB2</string>
				<string>F768BD6C19196FF40024FDB2</string>
				<string>F74C657218E90563006CB71E</string>
				<string>F7F668D518EA2BC100D4F692</string>
				<string>F7AFFF08190B2FB9006AEFE2</string>
				<string>F7AFFF4C190C8E07006AEFE2</string>
				<string>F7AFFF2E190B3A91006AEFE2</string>
				<string>F74D11AC191741C9001F9B71</string>
				<string>F7AFFF3A190B6077006AEFE2</string>
				<string>F7F668CA18EA29B700D4F692</string>
				<string>F768BD811919B9C00024FDB2</string>
				<string>F7F668D218EA29B700D4F692</string>
				<string>F7AFFF51190C987E006AEFE2</string>
				<string>F768BD72191989BC0024FDB2</string>
				<string>F7F668CB18EA29B700D4F692</string>
				<string>F7F668D018EA29B700D4F692</string>
				<string>F7B054EB191700B1004CF82B</string>
				<string>F7AFFF40190C8463006AEFE2</string>
				<string>F7AFFF64190DCDC6006AEFE2</string>
				<string>F74C656E18E90563006CB71E</string>
				<string>F7AFFF3D190C7BFF006AEFE2</string>
				<string>F7F668CF18EA29B700D4F692</string>
				<string>F7F668D118EA29B700D4F692</string>
				<string>F7F668D918EA37B800D4F692</string>
				<string>F7AFFF46190C8917006AEFE2</string>
				<string>F768BD7E1919AA9C0024FDB2</string>
				<string>F768BD7B1919A3450024FDB2</string>
				<string>F768BD841919BB2F0024FDB2</string>
				<string>F7AFFF49190C8DB7006AEFE2</string>
				<string>F7F668CE18EA29B700D4F692</string>
				<string>F7AFFF36190B5DA0006AEFE2</string>
			</array>
			<key>isa</key>
			<string>PBXSourcesBuildPhase</string>
			<key>runOnlyForDeploymentPostprocessing</key>
			<string>0</string>
		</dict>
		<key>F74C655B18E90563006CB71E</key>
		<dict>
			<key>buildActionMask</key>
			<string>2147483647</string>
			<key>files</key>
			<array>
				<string>F7B054E91916FE85004CF82B</string>
				<string>F7AFFF29190B37B6006AEFE2</string>
				<string>F7AFFF28190B37AB006AEFE2</string>
				<string>F7AFFF27190B37A3006AEFE2</string>
				<string>F7AFFF26190B379C006AEFE2</string>
				<string>F7AFFF25190B378F006AEFE2</string>
				<string>F7AFFF24190B3787006AEFE2</string>
				<string>F7AFFF23190B3776006AEFE2</string>
				<string>F7AFFF22190B376F006AEFE2</string>
				<string>F7AFFF21190B374F006AEFE2</string>
				<string>F7AFFF20190B373D006AEFE2</string>
				<string>F7AFFF1F190B3688006AEFE2</string>
				<string>F74C656618E90563006CB71E</string>
				<string>F74C656218E90563006CB71E</string>
				<string>F7AFFF0A190B34A7006AEFE2</string>
				<string>3274519D6368454B9FE53A7C</string>
			</array>
			<key>isa</key>
			<string>PBXFrameworksBuildPhase</string>
			<key>runOnlyForDeploymentPostprocessing</key>
			<string>0</string>
		</dict>
		<key>F74C655C18E90563006CB71E</key>
		<dict>
			<key>buildActionMask</key>
			<string>2147483647</string>
			<key>files</key>
			<array>
				<string>F74D11A919173FAD001F9B71</string>
				<string>F74D11A819173DBD001F9B71</string>
				<string>F7F668CD18EA29B700D4F692</string>
				<string>F7AFFF2B190B3981006AEFE2</string>
				<string>F74C656C18E90563006CB71E</string>
				<string>F74C657418E90563006CB71E</string>
				<string>F7AFFF5B190D7973006AEFE2</string>
			</array>
			<key>isa</key>
			<string>PBXResourcesBuildPhase</string>
			<key>runOnlyForDeploymentPostprocessing</key>
			<string>0</string>
		</dict>
		<key>F74C655D18E90563006CB71E</key>
		<dict>
			<key>buildConfigurationList</key>
			<string>F74C658A18E90564006CB71E</string>
			<key>buildPhases</key>
			<array>
				<string>6B457A0A355748738C96674B</string>
				<string>F74C655A18E90563006CB71E</string>
				<string>F74C655B18E90563006CB71E</string>
				<string>F74C655C18E90563006CB71E</string>
				<string>4DFBD105CB2C4CEAB4AED56A</string>
			</array>
			<key>buildRules</key>
			<array/>
			<key>dependencies</key>
			<array/>
			<key>isa</key>
			<string>PBXNativeTarget</string>
			<key>name</key>
			<string>CryptoSnap</string>
			<key>productName</key>
			<string>CryptoSnap</string>
			<key>productReference</key>
			<string>F74C655E18E90563006CB71E</string>
			<key>productType</key>
			<string>com.apple.product-type.application</string>
		</dict>
		<key>F74C655E18E90563006CB71E</key>
		<dict>
			<key>explicitFileType</key>
			<string>wrapper.application</string>
			<key>includeInIndex</key>
			<string>0</string>
			<key>isa</key>
			<string>PBXFileReference</string>
			<key>path</key>
			<string>CryptoSnap.app</string>
			<key>sourceTree</key>
			<string>BUILT_PRODUCTS_DIR</string>
		</dict>
		<key>F74C655F18E90563006CB71E</key>
		<dict>
			<key>children</key>
			<array>
				<string>F74C655E18E90563006CB71E</string>
				<string>F74C657918E90564006CB71E</string>
			</array>
			<key>isa</key>
			<string>PBXGroup</string>
			<key>name</key>
			<string>Products</string>
			<key>sourceTree</key>
			<string>&lt;group&gt;</string>
		</dict>
		<key>F74C656018E90563006CB71E</key>
		<dict>
			<key>children</key>
			<array>
				<string>F7B054E81916FE85004CF82B</string>
				<string>F7AFFF1D190B355A006AEFE2</string>
				<string>F7AFFF1B190B3521006AEFE2</string>
				<string>F7AFFF19190B3517006AEFE2</string>
				<string>F7AFFF17190B350D006AEFE2</string>
				<string>F7AFFF15190B3501006AEFE2</string>
				<string>F7AFFF13190B34F9006AEFE2</string>
				<string>F7AFFF11190B34F0006AEFE2</string>
				<string>F7AFFF0F190B34E7006AEFE2</string>
				<string>F7AFFF0D190B34D3006AEFE2</string>
				<string>F7AFFF0B190B34C9006AEFE2</string>
				<string>F7D09E3A18E90CA8008C95E1</string>
				<string>F7AFFF09190B34A7006AEFE2</string>
				<string>F7D09E3818E90C93008C95E1</string>
				<string>F74C656118E90563006CB71E</string>
				<string>F74C656318E90563006CB71E</string>
				<string>F74C656518E90563006CB71E</string>
				<string>F74C657A18E90564006CB71E</string>
				<string>E5E92E9C6DF649B8A8A9CFD4</string>
				<string>E6553D2C88714BF3B9B93A69</string>
			</array>
			<key>isa</key>
			<string>PBXGroup</string>
			<key>name</key>
			<string>Frameworks</string>
			<key>sourceTree</key>
			<string>&lt;group&gt;</string>
		</dict>
		<key>F74C656118E90563006CB71E</key>
		<dict>
			<key>isa</key>
			<string>PBXFileReference</string>
			<key>lastKnownFileType</key>
			<string>wrapper.framework</string>
			<key>name</key>
			<string>Foundation.framework</string>
			<key>path</key>
			<string>System/Library/Frameworks/Foundation.framework</string>
			<key>sourceTree</key>
			<string>SDKROOT</string>
		</dict>
		<key>F74C656218E90563006CB71E</key>
		<dict>
			<key>fileRef</key>
			<string>F74C656118E90563006CB71E</string>
			<key>isa</key>
			<string>PBXBuildFile</string>
		</dict>
		<key>F74C656318E90563006CB71E</key>
		<dict>
			<key>isa</key>
			<string>PBXFileReference</string>
			<key>lastKnownFileType</key>
			<string>wrapper.framework</string>
			<key>name</key>
			<string>CoreGraphics.framework</string>
			<key>path</key>
			<string>System/Library/Frameworks/CoreGraphics.framework</string>
			<key>sourceTree</key>
			<string>SDKROOT</string>
		</dict>
		<key>F74C656518E90563006CB71E</key>
		<dict>
			<key>isa</key>
			<string>PBXFileReference</string>
			<key>lastKnownFileType</key>
			<string>wrapper.framework</string>
			<key>name</key>
			<string>UIKit.framework</string>
			<key>path</key>
			<string>System/Library/Frameworks/UIKit.framework</string>
			<key>sourceTree</key>
			<string>SDKROOT</string>
		</dict>
		<key>F74C656618E90563006CB71E</key>
		<dict>
			<key>fileRef</key>
			<string>F74C656518E90563006CB71E</string>
			<key>isa</key>
			<string>PBXBuildFile</string>
		</dict>
		<key>F74C656718E90563006CB71E</key>
		<dict>
			<key>children</key>
			<array>
				<string>F74C657018E90563006CB71E</string>
				<string>F74C657118E90563006CB71E</string>
				<string>F7AFFF2A190B3981006AEFE2</string>
				<string>F7AFFF65190DCDD7006AEFE2</string>
				<string>F74C657318E90563006CB71E</string>
				<string>F7AFFF33190B3F99006AEFE2</string>
				<string>F7AFFF37190B5DAF006AEFE2</string>
				<string>F7F668D618EA2C0700D4F692</string>
				<string>F7E3DBFD18E9169C008A6678</string>
				<string>F7AFFF2F190B3A98006AEFE2</string>
			</array>
			<key>isa</key>
			<string>PBXGroup</string>
			<key>path</key>
			<string>CryptoSnap</string>
			<key>sourceTree</key>
			<string>&lt;group&gt;</string>
		</dict>
		<key>F74C656818E90563006CB71E</key>
		<dict>
			<key>children</key>
			<array>
				<string>F7B054EA191700B1004CF82B</string>
				<string>F7F668B418EA29B700D4F692</string>
				<string>F74C656918E90563006CB71E</string>
				<string>F74C656A18E90563006CB71E</string>
				<string>F74C656D18E90563006CB71E</string>
				<string>F74C656F18E90563006CB71E</string>
				<string>F7B054EC19172D83004CF82B</string>
			</array>
			<key>isa</key>
			<string>PBXGroup</string>
			<key>name</key>
			<string>Supporting Files</string>
			<key>path</key>
			<string>CryptoSnap</string>
			<key>sourceTree</key>
			<string>&lt;group&gt;</string>
		</dict>
		<key>F74C656918E90563006CB71E</key>
		<dict>
			<key>isa</key>
			<string>PBXFileReference</string>
			<key>lastKnownFileType</key>
			<string>text.plist.xml</string>
			<key>path</key>
			<string>CryptoSnap-Info.plist</string>
			<key>sourceTree</key>
			<string>&lt;group&gt;</string>
		</dict>
		<key>F74C656A18E90563006CB71E</key>
		<dict>
			<key>children</key>
			<array>
				<string>F74C656B18E90563006CB71E</string>
			</array>
			<key>isa</key>
			<string>PBXVariantGroup</string>
			<key>name</key>
			<string>InfoPlist.strings</string>
			<key>sourceTree</key>
			<string>&lt;group&gt;</string>
		</dict>
		<key>F74C656B18E90563006CB71E</key>
		<dict>
			<key>isa</key>
			<string>PBXFileReference</string>
			<key>lastKnownFileType</key>
			<string>text.plist.strings</string>
			<key>name</key>
			<string>en</string>
			<key>path</key>
			<string>en.lproj/InfoPlist.strings</string>
			<key>sourceTree</key>
			<string>&lt;group&gt;</string>
		</dict>
		<key>F74C656C18E90563006CB71E</key>
		<dict>
			<key>fileRef</key>
			<string>F74C656A18E90563006CB71E</string>
			<key>isa</key>
			<string>PBXBuildFile</string>
		</dict>
		<key>F74C656D18E90563006CB71E</key>
		<dict>
			<key>isa</key>
			<string>PBXFileReference</string>
			<key>lastKnownFileType</key>
			<string>sourcecode.c.objc</string>
			<key>path</key>
			<string>main.m</string>
			<key>sourceTree</key>
			<string>&lt;group&gt;</string>
		</dict>
		<key>F74C656E18E90563006CB71E</key>
		<dict>
			<key>fileRef</key>
			<string>F74C656D18E90563006CB71E</string>
			<key>isa</key>
			<string>PBXBuildFile</string>
		</dict>
		<key>F74C656F18E90563006CB71E</key>
		<dict>
			<key>isa</key>
			<string>PBXFileReference</string>
			<key>lastKnownFileType</key>
			<string>sourcecode.c.h</string>
			<key>path</key>
			<string>CryptoSnap-Prefix.pch</string>
			<key>sourceTree</key>
			<string>&lt;group&gt;</string>
		</dict>
		<key>F74C657018E90563006CB71E</key>
		<dict>
			<key>isa</key>
			<string>PBXFileReference</string>
			<key>lastKnownFileType</key>
			<string>sourcecode.c.h</string>
			<key>path</key>
			<string>CSAppDelegate.h</string>
			<key>sourceTree</key>
			<string>&lt;group&gt;</string>
		</dict>
		<key>F74C657118E90563006CB71E</key>
		<dict>
			<key>isa</key>
			<string>PBXFileReference</string>
			<key>lastKnownFileType</key>
			<string>sourcecode.c.objc</string>
			<key>path</key>
			<string>CSAppDelegate.m</string>
			<key>sourceTree</key>
			<string>&lt;group&gt;</string>
		</dict>
		<key>F74C657218E90563006CB71E</key>
		<dict>
			<key>fileRef</key>
			<string>F74C657118E90563006CB71E</string>
			<key>isa</key>
			<string>PBXBuildFile</string>
		</dict>
		<key>F74C657318E90563006CB71E</key>
		<dict>
			<key>isa</key>
			<string>PBXFileReference</string>
			<key>lastKnownFileType</key>
			<string>folder.assetcatalog</string>
			<key>path</key>
			<string>Images.xcassets</string>
			<key>sourceTree</key>
			<string>&lt;group&gt;</string>
		</dict>
		<key>F74C657418E90563006CB71E</key>
		<dict>
			<key>fileRef</key>
			<string>F74C657318E90563006CB71E</string>
			<key>isa</key>
			<string>PBXBuildFile</string>
		</dict>
		<key>F74C657518E90564006CB71E</key>
		<dict>
			<key>buildActionMask</key>
			<string>2147483647</string>
			<key>files</key>
			<array>
				<string>F74C658718E90564006CB71E</string>
			</array>
			<key>isa</key>
			<string>PBXSourcesBuildPhase</string>
			<key>runOnlyForDeploymentPostprocessing</key>
			<string>0</string>
		</dict>
		<key>F74C657618E90564006CB71E</key>
		<dict>
			<key>buildActionMask</key>
			<string>2147483647</string>
			<key>files</key>
			<array>
				<string>F74C657B18E90564006CB71E</string>
				<string>F74C657D18E90564006CB71E</string>
				<string>F74C657C18E90564006CB71E</string>
			</array>
			<key>isa</key>
			<string>PBXFrameworksBuildPhase</string>
			<key>runOnlyForDeploymentPostprocessing</key>
			<string>0</string>
		</dict>
		<key>F74C657718E90564006CB71E</key>
		<dict>
			<key>buildActionMask</key>
			<string>2147483647</string>
			<key>files</key>
			<array>
				<string>F74C658518E90564006CB71E</string>
			</array>
			<key>isa</key>
			<string>PBXResourcesBuildPhase</string>
			<key>runOnlyForDeploymentPostprocessing</key>
			<string>0</string>
		</dict>
		<key>F74C657818E90564006CB71E</key>
		<dict>
			<key>buildConfigurationList</key>
			<string>F74C658D18E90564006CB71E</string>
			<key>buildPhases</key>
			<array>
				<string>F74C657518E90564006CB71E</string>
				<string>F74C657618E90564006CB71E</string>
				<string>F74C657718E90564006CB71E</string>
			</array>
			<key>buildRules</key>
			<array/>
			<key>dependencies</key>
			<array>
				<string>F74C657F18E90564006CB71E</string>
			</array>
			<key>isa</key>
			<string>PBXNativeTarget</string>
			<key>name</key>
			<string>CryptoSnapTests</string>
			<key>productName</key>
			<string>CryptoSnapTests</string>
			<key>productReference</key>
			<string>F74C657918E90564006CB71E</string>
			<key>productType</key>
			<string>com.apple.product-type.bundle.unit-test</string>
		</dict>
		<key>F74C657918E90564006CB71E</key>
		<dict>
			<key>explicitFileType</key>
			<string>wrapper.cfbundle</string>
			<key>includeInIndex</key>
			<string>0</string>
			<key>isa</key>
			<string>PBXFileReference</string>
			<key>path</key>
			<string>CryptoSnapTests.xctest</string>
			<key>sourceTree</key>
			<string>BUILT_PRODUCTS_DIR</string>
		</dict>
		<key>F74C657A18E90564006CB71E</key>
		<dict>
			<key>isa</key>
			<string>PBXFileReference</string>
			<key>lastKnownFileType</key>
			<string>wrapper.framework</string>
			<key>name</key>
			<string>XCTest.framework</string>
			<key>path</key>
			<string>Library/Frameworks/XCTest.framework</string>
			<key>sourceTree</key>
			<string>DEVELOPER_DIR</string>
		</dict>
		<key>F74C657B18E90564006CB71E</key>
		<dict>
			<key>fileRef</key>
			<string>F74C657A18E90564006CB71E</string>
			<key>isa</key>
			<string>PBXBuildFile</string>
		</dict>
		<key>F74C657C18E90564006CB71E</key>
		<dict>
			<key>fileRef</key>
			<string>F74C656118E90563006CB71E</string>
			<key>isa</key>
			<string>PBXBuildFile</string>
		</dict>
		<key>F74C657D18E90564006CB71E</key>
		<dict>
			<key>fileRef</key>
			<string>F74C656518E90563006CB71E</string>
			<key>isa</key>
			<string>PBXBuildFile</string>
		</dict>
		<key>F74C657E18E90564006CB71E</key>
		<dict>
			<key>containerPortal</key>
			<string>F74C655618E90563006CB71E</string>
			<key>isa</key>
			<string>PBXContainerItemProxy</string>
			<key>proxyType</key>
			<string>1</string>
			<key>remoteGlobalIDString</key>
			<string>F74C655D18E90563006CB71E</string>
			<key>remoteInfo</key>
			<string>CryptoSnap</string>
		</dict>
		<key>F74C657F18E90564006CB71E</key>
		<dict>
			<key>isa</key>
			<string>PBXTargetDependency</string>
			<key>target</key>
			<string>F74C655D18E90563006CB71E</string>
			<key>targetProxy</key>
			<string>F74C657E18E90564006CB71E</string>
		</dict>
		<key>F74C658018E90564006CB71E</key>
		<dict>
			<key>children</key>
			<array>
				<string>F74C658618E90564006CB71E</string>
				<string>F74C658118E90564006CB71E</string>
			</array>
			<key>isa</key>
			<string>PBXGroup</string>
			<key>path</key>
			<string>CryptoSnapTests</string>
			<key>sourceTree</key>
			<string>&lt;group&gt;</string>
		</dict>
		<key>F74C658118E90564006CB71E</key>
		<dict>
			<key>children</key>
			<array>
				<string>F74C658218E90564006CB71E</string>
				<string>F74C658318E90564006CB71E</string>
			</array>
			<key>isa</key>
			<string>PBXGroup</string>
			<key>name</key>
			<string>Supporting Files</string>
			<key>sourceTree</key>
			<string>&lt;group&gt;</string>
		</dict>
		<key>F74C658218E90564006CB71E</key>
		<dict>
			<key>isa</key>
			<string>PBXFileReference</string>
			<key>lastKnownFileType</key>
			<string>text.plist.xml</string>
			<key>path</key>
			<string>CryptoSnapTests-Info.plist</string>
			<key>sourceTree</key>
			<string>&lt;group&gt;</string>
		</dict>
		<key>F74C658318E90564006CB71E</key>
		<dict>
			<key>children</key>
			<array>
				<string>F74C658418E90564006CB71E</string>
			</array>
			<key>isa</key>
			<string>PBXVariantGroup</string>
			<key>name</key>
			<string>InfoPlist.strings</string>
			<key>sourceTree</key>
			<string>&lt;group&gt;</string>
		</dict>
		<key>F74C658418E90564006CB71E</key>
		<dict>
			<key>isa</key>
			<string>PBXFileReference</string>
			<key>lastKnownFileType</key>
			<string>text.plist.strings</string>
			<key>name</key>
			<string>en</string>
			<key>path</key>
			<string>en.lproj/InfoPlist.strings</string>
			<key>sourceTree</key>
			<string>&lt;group&gt;</string>
		</dict>
		<key>F74C658518E90564006CB71E</key>
		<dict>
			<key>fileRef</key>
			<string>F74C658318E90564006CB71E</string>
			<key>isa</key>
			<string>PBXBuildFile</string>
		</dict>
		<key>F74C658618E90564006CB71E</key>
		<dict>
			<key>isa</key>
			<string>PBXFileReference</string>
			<key>lastKnownFileType</key>
			<string>sourcecode.c.objc</string>
			<key>path</key>
			<string>CryptoSnapTests.m</string>
			<key>sourceTree</key>
			<string>&lt;group&gt;</string>
		</dict>
		<key>F74C658718E90564006CB71E</key>
		<dict>
			<key>fileRef</key>
			<string>F74C658618E90564006CB71E</string>
			<key>isa</key>
			<string>PBXBuildFile</string>
		</dict>
		<key>F74C658818E90564006CB71E</key>
		<dict>
			<key>buildSettings</key>
			<dict>
				<key>ALWAYS_SEARCH_USER_PATHS</key>
				<string>NO</string>
				<key>CLANG_CXX_LANGUAGE_STANDARD</key>
				<string>gnu++0x</string>
				<key>CLANG_CXX_LIBRARY</key>
				<string>libc++</string>
				<key>CLANG_ENABLE_MODULES</key>
				<string>YES</string>
				<key>CLANG_ENABLE_OBJC_ARC</key>
				<string>YES</string>
				<key>CLANG_WARN_BOOL_CONVERSION</key>
				<string>YES</string>
				<key>CLANG_WARN_CONSTANT_CONVERSION</key>
				<string>YES</string>
				<key>CLANG_WARN_DIRECT_OBJC_ISA_USAGE</key>
				<string>YES_ERROR</string>
				<key>CLANG_WARN_EMPTY_BODY</key>
				<string>YES</string>
				<key>CLANG_WARN_ENUM_CONVERSION</key>
				<string>YES</string>
				<key>CLANG_WARN_INT_CONVERSION</key>
				<string>YES</string>
				<key>CLANG_WARN_OBJC_ROOT_CLASS</key>
				<string>YES_ERROR</string>
				<key>CLANG_WARN__DUPLICATE_METHOD_MATCH</key>
				<string>YES</string>
				<key>CODE_SIGN_IDENTITY[sdk=iphoneos*]</key>
				<string>iPhone Developer</string>
				<key>COPY_PHASE_STRIP</key>
				<string>NO</string>
				<key>GCC_C_LANGUAGE_STANDARD</key>
				<string>gnu99</string>
				<key>GCC_DYNAMIC_NO_PIC</key>
				<string>NO</string>
				<key>GCC_OPTIMIZATION_LEVEL</key>
				<string>0</string>
				<key>GCC_PREPROCESSOR_DEFINITIONS</key>
				<array>
					<string>DEBUG=1</string>
					<string>$(inherited)</string>
				</array>
				<key>GCC_SYMBOLS_PRIVATE_EXTERN</key>
				<string>NO</string>
				<key>GCC_WARN_64_TO_32_BIT_CONVERSION</key>
				<string>YES</string>
				<key>GCC_WARN_ABOUT_RETURN_TYPE</key>
				<string>YES_ERROR</string>
				<key>GCC_WARN_UNDECLARED_SELECTOR</key>
				<string>YES</string>
				<key>GCC_WARN_UNINITIALIZED_AUTOS</key>
				<string>YES_AGGRESSIVE</string>
				<key>GCC_WARN_UNUSED_FUNCTION</key>
				<string>YES</string>
				<key>GCC_WARN_UNUSED_VARIABLE</key>
				<string>YES</string>
				<key>IPHONEOS_DEPLOYMENT_TARGET</key>
				<string>7.1</string>
				<key>ONLY_ACTIVE_ARCH</key>
				<string>YES</string>
				<key>SDKROOT</key>
				<string>iphoneos</string>
			</dict>
			<key>isa</key>
			<string>XCBuildConfiguration</string>
			<key>name</key>
			<string>Debug</string>
		</dict>
		<key>F74C658918E90564006CB71E</key>
		<dict>
			<key>buildSettings</key>
			<dict>
				<key>ALWAYS_SEARCH_USER_PATHS</key>
				<string>NO</string>
				<key>CLANG_CXX_LANGUAGE_STANDARD</key>
				<string>gnu++0x</string>
				<key>CLANG_CXX_LIBRARY</key>
				<string>libc++</string>
				<key>CLANG_ENABLE_MODULES</key>
				<string>YES</string>
				<key>CLANG_ENABLE_OBJC_ARC</key>
				<string>YES</string>
				<key>CLANG_WARN_BOOL_CONVERSION</key>
				<string>YES</string>
				<key>CLANG_WARN_CONSTANT_CONVERSION</key>
				<string>YES</string>
				<key>CLANG_WARN_DIRECT_OBJC_ISA_USAGE</key>
				<string>YES_ERROR</string>
				<key>CLANG_WARN_EMPTY_BODY</key>
				<string>YES</string>
				<key>CLANG_WARN_ENUM_CONVERSION</key>
				<string>YES</string>
				<key>CLANG_WARN_INT_CONVERSION</key>
				<string>YES</string>
				<key>CLANG_WARN_OBJC_ROOT_CLASS</key>
				<string>YES_ERROR</string>
				<key>CLANG_WARN__DUPLICATE_METHOD_MATCH</key>
				<string>YES</string>
				<key>CODE_SIGN_IDENTITY[sdk=iphoneos*]</key>
				<string>iPhone Developer</string>
				<key>COPY_PHASE_STRIP</key>
				<string>YES</string>
				<key>ENABLE_NS_ASSERTIONS</key>
				<string>NO</string>
				<key>GCC_C_LANGUAGE_STANDARD</key>
				<string>gnu99</string>
				<key>GCC_WARN_64_TO_32_BIT_CONVERSION</key>
				<string>YES</string>
				<key>GCC_WARN_ABOUT_RETURN_TYPE</key>
				<string>YES_ERROR</string>
				<key>GCC_WARN_UNDECLARED_SELECTOR</key>
				<string>YES</string>
				<key>GCC_WARN_UNINITIALIZED_AUTOS</key>
				<string>YES_AGGRESSIVE</string>
				<key>GCC_WARN_UNUSED_FUNCTION</key>
				<string>YES</string>
				<key>GCC_WARN_UNUSED_VARIABLE</key>
				<string>YES</string>
				<key>IPHONEOS_DEPLOYMENT_TARGET</key>
				<string>7.1</string>
				<key>SDKROOT</key>
				<string>iphoneos</string>
				<key>VALIDATE_PRODUCT</key>
				<string>YES</string>
			</dict>
			<key>isa</key>
			<string>XCBuildConfiguration</string>
			<key>name</key>
			<string>Release</string>
		</dict>
		<key>F74C658A18E90564006CB71E</key>
		<dict>
			<key>buildConfigurations</key>
			<array>
				<string>F74C658B18E90564006CB71E</string>
				<string>F74C658C18E90564006CB71E</string>
			</array>
			<key>defaultConfigurationIsVisible</key>
			<string>0</string>
			<key>defaultConfigurationName</key>
			<string>Release</string>
			<key>isa</key>
			<string>XCConfigurationList</string>
		</dict>
		<key>F74C658B18E90564006CB71E</key>
		<dict>
			<key>baseConfigurationReference</key>
			<string>A8F34B3B7D0140679C7896B9</string>
			<key>buildSettings</key>
			<dict>
				<key>ASSETCATALOG_COMPILER_APPICON_NAME</key>
				<string>AppIcon</string>
				<key>ASSETCATALOG_COMPILER_LAUNCHIMAGE_NAME</key>
				<string>LaunchImage</string>
				<key>CODE_SIGN_IDENTITY</key>
				<string>iPhone Developer</string>
				<key>CODE_SIGN_IDENTITY[sdk=iphoneos*]</key>
				<string>iPhone Developer</string>
				<key>FRAMEWORK_SEARCH_PATHS</key>
				<array>
					<string>$(inherited)</string>
					<string>$(PROJECT_DIR)</string>
				</array>
				<key>GCC_PRECOMPILE_PREFIX_HEADER</key>
				<string>YES</string>
				<key>GCC_PREFIX_HEADER</key>
				<string>CryptoSnap/CryptoSnap-Prefix.pch</string>
				<key>INFOPLIST_FILE</key>
				<string>CryptoSnap/CryptoSnap-Info.plist</string>
				<key>IPHONEOS_DEPLOYMENT_TARGET</key>
				<string>7.0</string>
				<key>LIBRARY_SEARCH_PATHS</key>
				<array>
					<string>$(inherited)</string>
					<string>/Users/cezar/Documents/ios-openssl/lib</string>
				</array>
				<key>PRODUCT_NAME</key>
				<string>$(TARGET_NAME)</string>
				<key>PROVISIONING_PROFILE</key>
				<string></string>
				<key>WRAPPER_EXTENSION</key>
				<string>app</string>
			</dict>
			<key>isa</key>
			<string>XCBuildConfiguration</string>
			<key>name</key>
			<string>Debug</string>
		</dict>
		<key>F74C658C18E90564006CB71E</key>
		<dict>
			<key>baseConfigurationReference</key>
			<string>A8F34B3B7D0140679C7896B9</string>
			<key>buildSettings</key>
			<dict>
				<key>ASSETCATALOG_COMPILER_APPICON_NAME</key>
				<string>AppIcon</string>
				<key>ASSETCATALOG_COMPILER_LAUNCHIMAGE_NAME</key>
				<string>LaunchImage</string>
				<key>CODE_SIGN_IDENTITY</key>
				<string>iPhone Developer</string>
				<key>CODE_SIGN_IDENTITY[sdk=iphoneos*]</key>
				<string>iPhone Developer</string>
				<key>FRAMEWORK_SEARCH_PATHS</key>
				<array>
					<string>$(inherited)</string>
					<string>$(PROJECT_DIR)</string>
				</array>
				<key>GCC_PRECOMPILE_PREFIX_HEADER</key>
				<string>YES</string>
				<key>GCC_PREFIX_HEADER</key>
				<string>CryptoSnap/CryptoSnap-Prefix.pch</string>
				<key>INFOPLIST_FILE</key>
				<string>CryptoSnap/CryptoSnap-Info.plist</string>
				<key>IPHONEOS_DEPLOYMENT_TARGET</key>
				<string>7.0</string>
				<key>LIBRARY_SEARCH_PATHS</key>
				<array>
					<string>$(inherited)</string>
					<string>/Users/cezar/Documents/ios-openssl/lib</string>
				</array>
				<key>PRODUCT_NAME</key>
				<string>$(TARGET_NAME)</string>
				<key>PROVISIONING_PROFILE</key>
				<string></string>
				<key>WRAPPER_EXTENSION</key>
				<string>app</string>
			</dict>
			<key>isa</key>
			<string>XCBuildConfiguration</string>
			<key>name</key>
			<string>Release</string>
		</dict>
		<key>F74C658D18E90564006CB71E</key>
		<dict>
			<key>buildConfigurations</key>
			<array>
				<string>F74C658E18E90564006CB71E</string>
				<string>F74C658F18E90564006CB71E</string>
			</array>
			<key>defaultConfigurationIsVisible</key>
			<string>0</string>
			<key>defaultConfigurationName</key>
			<string>Release</string>
			<key>isa</key>
			<string>XCConfigurationList</string>
		</dict>
		<key>F74C658E18E90564006CB71E</key>
		<dict>
			<key>buildSettings</key>
			<dict>
				<key>BUNDLE_LOADER</key>
				<string>$(BUILT_PRODUCTS_DIR)/CryptoSnap.app/CryptoSnap</string>
				<key>FRAMEWORK_SEARCH_PATHS</key>
				<array>
					<string>$(SDKROOT)/Developer/Library/Frameworks</string>
					<string>$(inherited)</string>
					<string>$(DEVELOPER_FRAMEWORKS_DIR)</string>
				</array>
				<key>GCC_PRECOMPILE_PREFIX_HEADER</key>
				<string>YES</string>
				<key>GCC_PREFIX_HEADER</key>
				<string>CryptoSnap/CryptoSnap-Prefix.pch</string>
				<key>GCC_PREPROCESSOR_DEFINITIONS</key>
				<array>
					<string>DEBUG=1</string>
					<string>$(inherited)</string>
				</array>
				<key>INFOPLIST_FILE</key>
				<string>CryptoSnapTests/CryptoSnapTests-Info.plist</string>
				<key>PRODUCT_NAME</key>
				<string>$(TARGET_NAME)</string>
				<key>TEST_HOST</key>
				<string>$(BUNDLE_LOADER)</string>
				<key>WRAPPER_EXTENSION</key>
				<string>xctest</string>
			</dict>
			<key>isa</key>
			<string>XCBuildConfiguration</string>
			<key>name</key>
			<string>Debug</string>
		</dict>
		<key>F74C658F18E90564006CB71E</key>
		<dict>
			<key>buildSettings</key>
			<dict>
				<key>BUNDLE_LOADER</key>
				<string>$(BUILT_PRODUCTS_DIR)/CryptoSnap.app/CryptoSnap</string>
				<key>FRAMEWORK_SEARCH_PATHS</key>
				<array>
					<string>$(SDKROOT)/Developer/Library/Frameworks</string>
					<string>$(inherited)</string>
					<string>$(DEVELOPER_FRAMEWORKS_DIR)</string>
				</array>
				<key>GCC_PRECOMPILE_PREFIX_HEADER</key>
				<string>YES</string>
				<key>GCC_PREFIX_HEADER</key>
				<string>CryptoSnap/CryptoSnap-Prefix.pch</string>
				<key>INFOPLIST_FILE</key>
				<string>CryptoSnapTests/CryptoSnapTests-Info.plist</string>
				<key>PRODUCT_NAME</key>
				<string>$(TARGET_NAME)</string>
				<key>TEST_HOST</key>
				<string>$(BUNDLE_LOADER)</string>
				<key>WRAPPER_EXTENSION</key>
				<string>xctest</string>
			</dict>
			<key>isa</key>
			<string>XCBuildConfiguration</string>
			<key>name</key>
			<string>Release</string>
		</dict>
		<key>F74D11A819173DBD001F9B71</key>
		<dict>
			<key>fileRef</key>
			<string>F7B054EA191700B1004CF82B</string>
			<key>isa</key>
			<string>PBXBuildFile</string>
		</dict>
		<key>F74D11A919173FAD001F9B71</key>
		<dict>
			<key>fileRef</key>
			<string>F7B054EC19172D83004CF82B</string>
			<key>isa</key>
			<string>PBXBuildFile</string>
		</dict>
		<key>F74D11AA191741C9001F9B71</key>
		<dict>
			<key>fileEncoding</key>
			<string>4</string>
			<key>isa</key>
			<string>PBXFileReference</string>
			<key>lastKnownFileType</key>
			<string>sourcecode.c.h</string>
			<key>name</key>
			<string>OpenPGP.h</string>
			<key>path</key>
			<string>Encryption/OpenPGP.h</string>
			<key>sourceTree</key>
			<string>&lt;group&gt;</string>
		</dict>
		<key>F74D11AB191741C9001F9B71</key>
		<dict>
			<key>fileEncoding</key>
			<string>4</string>
			<key>isa</key>
			<string>PBXFileReference</string>
			<key>lastKnownFileType</key>
			<string>sourcecode.c.objc</string>
			<key>name</key>
			<string>OpenPGP.m</string>
			<key>path</key>
			<string>Encryption/OpenPGP.m</string>
			<key>sourceTree</key>
			<string>&lt;group&gt;</string>
		</dict>
		<key>F74D11AC191741C9001F9B71</key>
		<dict>
			<key>fileRef</key>
			<string>F74D11AB191741C9001F9B71</string>
			<key>isa</key>
			<string>PBXBuildFile</string>
		</dict>
		<key>F768BD6A19196FF40024FDB2</key>
		<dict>
			<key>fileEncoding</key>
			<string>4</string>
			<key>isa</key>
			<string>PBXFileReference</string>
			<key>lastKnownFileType</key>
			<string>sourcecode.c.h</string>
			<key>name</key>
			<string>CSCameraViewController.h</string>
			<key>path</key>
			<string>ViewControllers/CSCameraViewController.h</string>
			<key>sourceTree</key>
			<string>&lt;group&gt;</string>
		</dict>
		<key>F768BD6B19196FF40024FDB2</key>
		<dict>
			<key>fileEncoding</key>
			<string>4</string>
			<key>isa</key>
			<string>PBXFileReference</string>
			<key>lastKnownFileType</key>
			<string>sourcecode.c.objc</string>
			<key>name</key>
			<string>CSCameraViewController.m</string>
			<key>path</key>
			<string>ViewControllers/CSCameraViewController.m</string>
			<key>sourceTree</key>
			<string>&lt;group&gt;</string>
		</dict>
		<key>F768BD6C19196FF40024FDB2</key>
		<dict>
			<key>fileRef</key>
			<string>F768BD6B19196FF40024FDB2</string>
			<key>isa</key>
			<string>PBXBuildFile</string>
		</dict>
		<key>F768BD70191989BC0024FDB2</key>
		<dict>
			<key>fileEncoding</key>
			<string>4</string>
			<key>isa</key>
			<string>PBXFileReference</string>
			<key>lastKnownFileType</key>
			<string>sourcecode.c.h</string>
			<key>name</key>
			<string>KBUserProfile.h</string>
			<key>path</key>
			<string>Models/KBUserProfile.h</string>
			<key>sourceTree</key>
			<string>&lt;group&gt;</string>
		</dict>
		<key>F768BD71191989BC0024FDB2</key>
		<dict>
			<key>fileEncoding</key>
			<string>4</string>
			<key>isa</key>
			<string>PBXFileReference</string>
			<key>lastKnownFileType</key>
			<string>sourcecode.c.objc</string>
			<key>name</key>
			<string>KBUserProfile.m</string>
			<key>path</key>
			<string>Models/KBUserProfile.m</string>
			<key>sourceTree</key>
			<string>&lt;group&gt;</string>
		</dict>
		<key>F768BD72191989BC0024FDB2</key>
		<dict>
			<key>fileRef</key>
			<string>F768BD71191989BC0024FDB2</string>
			<key>isa</key>
			<string>PBXBuildFile</string>
		</dict>
		<key>F768BD7319198CF60024FDB2</key>
		<dict>
			<key>fileEncoding</key>
			<string>4</string>
			<key>isa</key>
			<string>PBXFileReference</string>
			<key>lastKnownFileType</key>
			<string>sourcecode.c.h</string>
			<key>name</key>
			<string>KBUser+Requests.h</string>
			<key>path</key>
			<string>API/KBUser+Requests.h</string>
			<key>sourceTree</key>
			<string>&lt;group&gt;</string>
		</dict>
		<key>F768BD7419198CF60024FDB2</key>
		<dict>
			<key>fileEncoding</key>
			<string>4</string>
			<key>isa</key>
			<string>PBXFileReference</string>
			<key>lastKnownFileType</key>
			<string>sourcecode.c.objc</string>
			<key>name</key>
			<string>KBUser+Requests.m</string>
			<key>path</key>
			<string>API/KBUser+Requests.m</string>
			<key>sourceTree</key>
			<string>&lt;group&gt;</string>
		</dict>
		<key>F768BD7519198CF60024FDB2</key>
		<dict>
			<key>fileRef</key>
			<string>F768BD7419198CF60024FDB2</string>
			<key>isa</key>
			<string>PBXBuildFile</string>
		</dict>
		<key>F768BD791919A3450024FDB2</key>
		<dict>
			<key>fileEncoding</key>
			<string>4</string>
			<key>isa</key>
			<string>PBXFileReference</string>
			<key>lastKnownFileType</key>
			<string>sourcecode.c.h</string>
			<key>name</key>
			<string>UIImage+Base64.h</string>
			<key>path</key>
			<string>Extensions/UIImage+Base64.h</string>
			<key>sourceTree</key>
			<string>&lt;group&gt;</string>
		</dict>
		<key>F768BD7A1919A3450024FDB2</key>
		<dict>
			<key>fileEncoding</key>
			<string>4</string>
			<key>isa</key>
			<string>PBXFileReference</string>
			<key>lastKnownFileType</key>
			<string>sourcecode.c.objc</string>
			<key>name</key>
			<string>UIImage+Base64.m</string>
			<key>path</key>
			<string>Extensions/UIImage+Base64.m</string>
			<key>sourceTree</key>
			<string>&lt;group&gt;</string>
		</dict>
		<key>F768BD7B1919A3450024FDB2</key>
		<dict>
			<key>fileRef</key>
			<string>F768BD7A1919A3450024FDB2</string>
			<key>isa</key>
			<string>PBXBuildFile</string>
		</dict>
		<key>F768BD7C1919AA9C0024FDB2</key>
		<dict>
			<key>fileEncoding</key>
			<string>4</string>
			<key>isa</key>
			<string>PBXFileReference</string>
			<key>lastKnownFileType</key>
			<string>sourcecode.c.h</string>
			<key>name</key>
			<string>CSMainTabBarController.h</string>
			<key>path</key>
			<string>ViewControllers/CSMainTabBarController.h</string>
			<key>sourceTree</key>
			<string>&lt;group&gt;</string>
		</dict>
		<key>F768BD7D1919AA9C0024FDB2</key>
		<dict>
			<key>fileEncoding</key>
			<string>4</string>
			<key>isa</key>
			<string>PBXFileReference</string>
			<key>lastKnownFileType</key>
			<string>sourcecode.c.objc</string>
			<key>name</key>
			<string>CSMainTabBarController.m</string>
			<key>path</key>
			<string>ViewControllers/CSMainTabBarController.m</string>
			<key>sourceTree</key>
			<string>&lt;group&gt;</string>
		</dict>
		<key>F768BD7E1919AA9C0024FDB2</key>
		<dict>
			<key>fileRef</key>
			<string>F768BD7D1919AA9C0024FDB2</string>
			<key>isa</key>
			<string>PBXBuildFile</string>
		</dict>
		<key>F768BD7F1919B9C00024FDB2</key>
		<dict>
			<key>fileEncoding</key>
			<string>4</string>
			<key>isa</key>
			<string>PBXFileReference</string>
			<key>lastKnownFileType</key>
			<string>sourcecode.c.h</string>
			<key>name</key>
			<string>CSReceivedImagesTableViewController.h</string>
			<key>path</key>
			<string>ViewControllers/CSReceivedImagesTableViewController.h</string>
			<key>sourceTree</key>
			<string>&lt;group&gt;</string>
		</dict>
		<key>F768BD801919B9C00024FDB2</key>
		<dict>
			<key>fileEncoding</key>
			<string>4</string>
			<key>isa</key>
			<string>PBXFileReference</string>
			<key>lastKnownFileType</key>
			<string>sourcecode.c.objc</string>
			<key>name</key>
			<string>CSReceivedImagesTableViewController.m</string>
			<key>path</key>
			<string>ViewControllers/CSReceivedImagesTableViewController.m</string>
			<key>sourceTree</key>
			<string>&lt;group&gt;</string>
		</dict>
		<key>F768BD811919B9C00024FDB2</key>
		<dict>
			<key>fileRef</key>
			<string>F768BD801919B9C00024FDB2</string>
			<key>isa</key>
			<string>PBXBuildFile</string>
		</dict>
		<key>F768BD821919BB2F0024FDB2</key>
		<dict>
			<key>fileEncoding</key>
			<string>4</string>
			<key>isa</key>
			<string>PBXFileReference</string>
			<key>lastKnownFileType</key>
			<string>sourcecode.c.h</string>
			<key>name</key>
			<string>CSPhotoTableViewCell.h</string>
			<key>path</key>
			<string>Views/CSPhotoTableViewCell.h</string>
			<key>sourceTree</key>
			<string>&lt;group&gt;</string>
		</dict>
		<key>F768BD831919BB2F0024FDB2</key>
		<dict>
			<key>fileEncoding</key>
			<string>4</string>
			<key>isa</key>
			<string>PBXFileReference</string>
			<key>lastKnownFileType</key>
			<string>sourcecode.c.objc</string>
			<key>name</key>
			<string>CSPhotoTableViewCell.m</string>
			<key>path</key>
			<string>Views/CSPhotoTableViewCell.m</string>
			<key>sourceTree</key>
			<string>&lt;group&gt;</string>
		</dict>
		<key>F768BD841919BB2F0024FDB2</key>
		<dict>
			<key>fileRef</key>
			<string>F768BD831919BB2F0024FDB2</string>
			<key>isa</key>
			<string>PBXBuildFile</string>
		</dict>
		<key>F768BD851919C3180024FDB2</key>
		<dict>
			<key>fileEncoding</key>
			<string>4</string>
			<key>isa</key>
			<string>PBXFileReference</string>
			<key>lastKnownFileType</key>
			<string>sourcecode.c.h</string>
			<key>name</key>
			<string>UIImage+Resize.h</string>
			<key>path</key>
			<string>Extensions/UIImage+Resize.h</string>
			<key>sourceTree</key>
			<string>&lt;group&gt;</string>
		</dict>
		<key>F768BD861919C3180024FDB2</key>
		<dict>
			<key>fileEncoding</key>
			<string>4</string>
			<key>isa</key>
			<string>PBXFileReference</string>
			<key>lastKnownFileType</key>
			<string>sourcecode.c.objc</string>
			<key>name</key>
			<string>UIImage+Resize.m</string>
			<key>path</key>
			<string>Extensions/UIImage+Resize.m</string>
			<key>sourceTree</key>
			<string>&lt;group&gt;</string>
		</dict>
		<key>F768BD871919C3180024FDB2</key>
		<dict>
			<key>fileRef</key>
			<string>F768BD861919C3180024FDB2</string>
			<key>isa</key>
			<string>PBXBuildFile</string>
		</dict>
		<key>F7AFFF06190B2FB9006AEFE2</key>
		<dict>
			<key>fileEncoding</key>
			<string>4</string>
			<key>isa</key>
			<string>PBXFileReference</string>
			<key>lastKnownFileType</key>
			<string>sourcecode.c.c</string>
			<key>path</key>
			<string>sha256.c</string>
			<key>sourceTree</key>
			<string>&lt;group&gt;</string>
		</dict>
		<key>F7AFFF07190B2FB9006AEFE2</key>
		<dict>
			<key>fileEncoding</key>
			<string>4</string>
			<key>isa</key>
			<string>PBXFileReference</string>
			<key>lastKnownFileType</key>
			<string>sourcecode.c.h</string>
			<key>path</key>
			<string>sha256.h</string>
			<key>sourceTree</key>
			<string>&lt;group&gt;</string>
		</dict>
		<key>F7AFFF08190B2FB9006AEFE2</key>
		<dict>
			<key>fileRef</key>
			<string>F7AFFF06190B2FB9006AEFE2</string>
			<key>isa</key>
			<string>PBXBuildFile</string>
		</dict>
		<key>F7AFFF09190B34A7006AEFE2</key>
		<dict>
			<key>isa</key>
			<string>PBXFileReference</string>
			<key>lastKnownFileType</key>
			<string>wrapper.framework</string>
			<key>path</key>
			<string>Parse.framework</string>
			<key>sourceTree</key>
			<string>&lt;group&gt;</string>
		</dict>
		<key>F7AFFF0A190B34A7006AEFE2</key>
		<dict>
			<key>fileRef</key>
			<string>F7AFFF09190B34A7006AEFE2</string>
			<key>isa</key>
			<string>PBXBuildFile</string>
		</dict>
		<key>F7AFFF0B190B34C9006AEFE2</key>
		<dict>
			<key>isa</key>
			<string>PBXFileReference</string>
			<key>lastKnownFileType</key>
			<string>wrapper.framework</string>
			<key>name</key>
			<string>AudioToolbox.framework</string>
			<key>path</key>
			<string>System/Library/Frameworks/AudioToolbox.framework</string>
			<key>sourceTree</key>
			<string>SDKROOT</string>
		</dict>
		<key>F7AFFF0D190B34D3006AEFE2</key>
		<dict>
			<key>isa</key>
			<string>PBXFileReference</string>
			<key>lastKnownFileType</key>
			<string>wrapper.framework</string>
			<key>name</key>
			<string>CFNetwork.framework</string>
			<key>path</key>
			<string>System/Library/Frameworks/CFNetwork.framework</string>
			<key>sourceTree</key>
			<string>SDKROOT</string>
		</dict>
		<key>F7AFFF0F190B34E7006AEFE2</key>
		<dict>
			<key>isa</key>
			<string>PBXFileReference</string>
			<key>lastKnownFileType</key>
			<string>wrapper.framework</string>
			<key>name</key>
			<string>CoreLocation.framework</string>
			<key>path</key>
			<string>System/Library/Frameworks/CoreLocation.framework</string>
			<key>sourceTree</key>
			<string>SDKROOT</string>
		</dict>
		<key>F7AFFF11190B34F0006AEFE2</key>
		<dict>
			<key>isa</key>
			<string>PBXFileReference</string>
			<key>lastKnownFileType</key>
			<string>compiled.mach-o.dylib</string>
			<key>name</key>
			<string>libz.dylib</string>
			<key>path</key>
			<string>usr/lib/libz.dylib</string>
			<key>sourceTree</key>
			<string>SDKROOT</string>
		</dict>
		<key>F7AFFF13190B34F9006AEFE2</key>
		<dict>
			<key>isa</key>
			<string>PBXFileReference</string>
			<key>lastKnownFileType</key>
			<string>wrapper.framework</string>
			<key>name</key>
			<string>MobileCoreServices.framework</string>
			<key>path</key>
			<string>System/Library/Frameworks/MobileCoreServices.framework</string>
			<key>sourceTree</key>
			<string>SDKROOT</string>
		</dict>
		<key>F7AFFF15190B3501006AEFE2</key>
		<dict>
			<key>isa</key>
			<string>PBXFileReference</string>
			<key>lastKnownFileType</key>
			<string>wrapper.framework</string>
			<key>name</key>
			<string>QuartzCore.framework</string>
			<key>path</key>
			<string>System/Library/Frameworks/QuartzCore.framework</string>
			<key>sourceTree</key>
			<string>SDKROOT</string>
		</dict>
		<key>F7AFFF17190B350D006AEFE2</key>
		<dict>
			<key>isa</key>
			<string>PBXFileReference</string>
			<key>lastKnownFileType</key>
			<string>wrapper.framework</string>
			<key>name</key>
			<string>Security.framework</string>
			<key>path</key>
			<string>System/Library/Frameworks/Security.framework</string>
			<key>sourceTree</key>
			<string>SDKROOT</string>
		</dict>
		<key>F7AFFF19190B3517006AEFE2</key>
		<dict>
			<key>isa</key>
			<string>PBXFileReference</string>
			<key>lastKnownFileType</key>
			<string>wrapper.framework</string>
			<key>name</key>
			<string>StoreKit.framework</string>
			<key>path</key>
			<string>System/Library/Frameworks/StoreKit.framework</string>
			<key>sourceTree</key>
			<string>SDKROOT</string>
		</dict>
		<key>F7AFFF1B190B3521006AEFE2</key>
		<dict>
			<key>isa</key>
			<string>PBXFileReference</string>
			<key>lastKnownFileType</key>
			<string>wrapper.framework</string>
			<key>name</key>
			<string>SystemConfiguration.framework</string>
			<key>path</key>
			<string>System/Library/Frameworks/SystemConfiguration.framework</string>
			<key>sourceTree</key>
			<string>SDKROOT</string>
		</dict>
		<key>F7AFFF1D190B355A006AEFE2</key>
		<dict>
			<key>isa</key>
			<string>PBXFileReference</string>
			<key>lastKnownFileType</key>
			<string>wrapper.framework</string>
			<key>name</key>
			<string>Social.framework</string>
			<key>path</key>
			<string>System/Library/Frameworks/Social.framework</string>
			<key>sourceTree</key>
			<string>SDKROOT</string>
		</dict>
		<key>F7AFFF1F190B3688006AEFE2</key>
		<dict>
			<key>fileRef</key>
			<string>F7AFFF1D190B355A006AEFE2</string>
			<key>isa</key>
			<string>PBXBuildFile</string>
		</dict>
		<key>F7AFFF20190B373D006AEFE2</key>
		<dict>
			<key>fileRef</key>
			<string>F7AFFF19190B3517006AEFE2</string>
			<key>isa</key>
			<string>PBXBuildFile</string>
		</dict>
		<key>F7AFFF21190B374F006AEFE2</key>
		<dict>
			<key>fileRef</key>
			<string>F7AFFF0B190B34C9006AEFE2</string>
			<key>isa</key>
			<string>PBXBuildFile</string>
		</dict>
		<key>F7AFFF22190B376F006AEFE2</key>
		<dict>
			<key>fileRef</key>
			<string>F7AFFF0D190B34D3006AEFE2</string>
			<key>isa</key>
			<string>PBXBuildFile</string>
		</dict>
		<key>F7AFFF23190B3776006AEFE2</key>
		<dict>
			<key>fileRef</key>
			<string>F74C656318E90563006CB71E</string>
			<key>isa</key>
			<string>PBXBuildFile</string>
		</dict>
		<key>F7AFFF24190B3787006AEFE2</key>
		<dict>
			<key>fileRef</key>
			<string>F7AFFF0F190B34E7006AEFE2</string>
			<key>isa</key>
			<string>PBXBuildFile</string>
		</dict>
		<key>F7AFFF25190B378F006AEFE2</key>
		<dict>
			<key>fileRef</key>
			<string>F7AFFF11190B34F0006AEFE2</string>
			<key>isa</key>
			<string>PBXBuildFile</string>
		</dict>
		<key>F7AFFF26190B379C006AEFE2</key>
		<dict>
			<key>fileRef</key>
			<string>F7AFFF13190B34F9006AEFE2</string>
			<key>isa</key>
			<string>PBXBuildFile</string>
		</dict>
		<key>F7AFFF27190B37A3006AEFE2</key>
		<dict>
			<key>fileRef</key>
			<string>F7AFFF15190B3501006AEFE2</string>
			<key>isa</key>
			<string>PBXBuildFile</string>
		</dict>
		<key>F7AFFF28190B37AB006AEFE2</key>
		<dict>
			<key>fileRef</key>
			<string>F7AFFF17190B350D006AEFE2</string>
			<key>isa</key>
			<string>PBXBuildFile</string>
		</dict>
		<key>F7AFFF29190B37B6006AEFE2</key>
		<dict>
			<key>fileRef</key>
			<string>F7AFFF1B190B3521006AEFE2</string>
			<key>isa</key>
			<string>PBXBuildFile</string>
		</dict>
		<key>F7AFFF2A190B3981006AEFE2</key>
		<dict>
			<key>fileEncoding</key>
			<string>4</string>
			<key>isa</key>
			<string>PBXFileReference</string>
			<key>lastKnownFileType</key>
			<string>file.storyboard</string>
			<key>path</key>
			<string>mainStoryboard.storyboard</string>
			<key>sourceTree</key>
			<string>&lt;group&gt;</string>
		</dict>
		<key>F7AFFF2B190B3981006AEFE2</key>
		<dict>
			<key>fileRef</key>
			<string>F7AFFF2A190B3981006AEFE2</string>
			<key>isa</key>
			<string>PBXBuildFile</string>
		</dict>
		<key>F7AFFF2C190B3A91006AEFE2</key>
		<dict>
			<key>fileEncoding</key>
			<string>4</string>
			<key>isa</key>
			<string>PBXFileReference</string>
			<key>lastKnownFileType</key>
			<string>sourcecode.c.h</string>
			<key>name</key>
			<string>LoginViewController.h</string>
			<key>path</key>
			<string>ViewControllers/LoginViewController.h</string>
			<key>sourceTree</key>
			<string>&lt;group&gt;</string>
		</dict>
		<key>F7AFFF2D190B3A91006AEFE2</key>
		<dict>
			<key>fileEncoding</key>
			<string>4</string>
			<key>isa</key>
			<string>PBXFileReference</string>
			<key>lastKnownFileType</key>
			<string>sourcecode.c.objc</string>
			<key>name</key>
			<string>LoginViewController.m</string>
			<key>path</key>
			<string>ViewControllers/LoginViewController.m</string>
			<key>sourceTree</key>
			<string>&lt;group&gt;</string>
		</dict>
		<key>F7AFFF2E190B3A91006AEFE2</key>
		<dict>
			<key>fileRef</key>
			<string>F7AFFF2D190B3A91006AEFE2</string>
			<key>isa</key>
			<string>PBXBuildFile</string>
		</dict>
		<key>F7AFFF2F190B3A98006AEFE2</key>
		<dict>
			<key>children</key>
			<array>
				<string>F7AFFF2C190B3A91006AEFE2</string>
				<string>F7AFFF2D190B3A91006AEFE2</string>
				<string>F7AFFF5F190DCC17006AEFE2</string>
				<string>F7AFFF60190DCC17006AEFE2</string>
				<string>F768BD6A19196FF40024FDB2</string>
				<string>F768BD6B19196FF40024FDB2</string>
				<string>F768BD7C1919AA9C0024FDB2</string>
				<string>F768BD7D1919AA9C0024FDB2</string>
				<string>F768BD7F1919B9C00024FDB2</string>
				<string>F768BD801919B9C00024FDB2</string>
			</array>
			<key>isa</key>
			<string>PBXGroup</string>
			<key>name</key>
			<string>ViewControllers</string>
			<key>sourceTree</key>
			<string>&lt;group&gt;</string>
		</dict>
		<key>F7AFFF30190B3F1F006AEFE2</key>
		<dict>
			<key>fileEncoding</key>
			<string>4</string>
			<key>isa</key>
			<string>PBXFileReference</string>
			<key>lastKnownFileType</key>
			<string>sourcecode.c.h</string>
			<key>name</key>
			<string>KBAPIClient.h</string>
			<key>path</key>
			<string>API/KBAPIClient.h</string>
			<key>sourceTree</key>
			<string>&lt;group&gt;</string>
		</dict>
		<key>F7AFFF31190B3F1F006AEFE2</key>
		<dict>
			<key>fileEncoding</key>
			<string>4</string>
			<key>isa</key>
			<string>PBXFileReference</string>
			<key>lastKnownFileType</key>
			<string>sourcecode.c.objc</string>
			<key>name</key>
			<string>KBAPIClient.m</string>
			<key>path</key>
			<string>API/KBAPIClient.m</string>
			<key>sourceTree</key>
			<string>&lt;group&gt;</string>
		</dict>
		<key>F7AFFF32190B3F1F006AEFE2</key>
		<dict>
			<key>fileRef</key>
			<string>F7AFFF31190B3F1F006AEFE2</string>
			<key>isa</key>
			<string>PBXBuildFile</string>
		</dict>
		<key>F7AFFF33190B3F99006AEFE2</key>
		<dict>
			<key>children</key>
			<array>
				<string>F7AFFF30190B3F1F006AEFE2</string>
				<string>F7AFFF31190B3F1F006AEFE2</string>
				<string>F7AFFF4F190C987E006AEFE2</string>
				<string>F7AFFF50190C987E006AEFE2</string>
				<string>F768BD7319198CF60024FDB2</string>
				<string>F768BD7419198CF60024FDB2</string>
			</array>
			<key>isa</key>
			<string>PBXGroup</string>
			<key>name</key>
			<string>API</string>
			<key>sourceTree</key>
			<string>&lt;group&gt;</string>
		</dict>
		<key>F7AFFF34190B5DA0006AEFE2</key>
		<dict>
			<key>fileEncoding</key>
			<string>4</string>
			<key>isa</key>
			<string>PBXFileReference</string>
			<key>lastKnownFileType</key>
			<string>sourcecode.c.h</string>
			<key>name</key>
			<string>KBUser.h</string>
			<key>path</key>
			<string>Models/KBUser.h</string>
			<key>sourceTree</key>
			<string>&lt;group&gt;</string>
		</dict>
		<key>F7AFFF35190B5DA0006AEFE2</key>
		<dict>
			<key>fileEncoding</key>
			<string>4</string>
			<key>isa</key>
			<string>PBXFileReference</string>
			<key>lastKnownFileType</key>
			<string>sourcecode.c.objc</string>
			<key>name</key>
			<string>KBUser.m</string>
			<key>path</key>
			<string>Models/KBUser.m</string>
			<key>sourceTree</key>
			<string>&lt;group&gt;</string>
		</dict>
		<key>F7AFFF36190B5DA0006AEFE2</key>
		<dict>
			<key>fileRef</key>
			<string>F7AFFF35190B5DA0006AEFE2</string>
			<key>isa</key>
			<string>PBXBuildFile</string>
		</dict>
		<key>F7AFFF37190B5DAF006AEFE2</key>
		<dict>
			<key>children</key>
			<array>
				<string>F7AFFF4E190C956E006AEFE2</string>
			</array>
			<key>isa</key>
			<string>PBXGroup</string>
			<key>name</key>
			<string>Models</string>
			<key>sourceTree</key>
			<string>&lt;group&gt;</string>
		</dict>
		<key>F7AFFF38190B6077006AEFE2</key>
		<dict>
			<key>fileEncoding</key>
			<string>4</string>
			<key>isa</key>
			<string>PBXFileReference</string>
			<key>lastKnownFileType</key>
			<string>sourcecode.c.h</string>
			<key>name</key>
			<string>KBUser+Serialization.h</string>
			<key>path</key>
			<string>Models/KBUser+Serialization.h</string>
			<key>sourceTree</key>
			<string>&lt;group&gt;</string>
		</dict>
		<key>F7AFFF39190B6077006AEFE2</key>
		<dict>
			<key>fileEncoding</key>
			<string>4</string>
			<key>isa</key>
			<string>PBXFileReference</string>
			<key>lastKnownFileType</key>
			<string>sourcecode.c.objc</string>
			<key>name</key>
			<string>KBUser+Serialization.m</string>
			<key>path</key>
			<string>Models/KBUser+Serialization.m</string>
			<key>sourceTree</key>
			<string>&lt;group&gt;</string>
		</dict>
		<key>F7AFFF3A190B6077006AEFE2</key>
		<dict>
			<key>fileRef</key>
			<string>F7AFFF39190B6077006AEFE2</string>
			<key>isa</key>
			<string>PBXBuildFile</string>
		</dict>
		<key>F7AFFF3B190C7BFF006AEFE2</key>
		<dict>
			<key>fileEncoding</key>
			<string>4</string>
			<key>isa</key>
			<string>PBXFileReference</string>
			<key>lastKnownFileType</key>
			<string>sourcecode.c.h</string>
			<key>name</key>
			<string>KBUserBasics.h</string>
			<key>path</key>
			<string>Models/KBUserBasics.h</string>
			<key>sourceTree</key>
			<string>&lt;group&gt;</string>
		</dict>
		<key>F7AFFF3C190C7BFF006AEFE2</key>
		<dict>
			<key>fileEncoding</key>
			<string>4</string>
			<key>isa</key>
			<string>PBXFileReference</string>
			<key>lastKnownFileType</key>
			<string>sourcecode.c.objc</string>
			<key>name</key>
			<string>KBUserBasics.m</string>
			<key>path</key>
			<string>Models/KBUserBasics.m</string>
			<key>sourceTree</key>
			<string>&lt;group&gt;</string>
		</dict>
		<key>F7AFFF3D190C7BFF006AEFE2</key>
		<dict>
			<key>fileRef</key>
			<string>F7AFFF3C190C7BFF006AEFE2</string>
			<key>isa</key>
			<string>PBXBuildFile</string>
		</dict>
		<key>F7AFFF3E190C8463006AEFE2</key>
		<dict>
			<key>fileEncoding</key>
			<string>4</string>
			<key>isa</key>
			<string>PBXFileReference</string>
			<key>lastKnownFileType</key>
			<string>sourcecode.c.h</string>
			<key>name</key>
			<string>KBPrivateKey.h</string>
			<key>path</key>
			<string>Models/KBPrivateKey.h</string>
			<key>sourceTree</key>
			<string>&lt;group&gt;</string>
		</dict>
		<key>F7AFFF3F190C8463006AEFE2</key>
		<dict>
			<key>fileEncoding</key>
			<string>4</string>
			<key>isa</key>
			<string>PBXFileReference</string>
			<key>lastKnownFileType</key>
			<string>sourcecode.c.objc</string>
			<key>name</key>
			<string>KBPrivateKey.m</string>
			<key>path</key>
			<string>Models/KBPrivateKey.m</string>
			<key>sourceTree</key>
			<string>&lt;group&gt;</string>
		</dict>
		<key>F7AFFF40190C8463006AEFE2</key>
		<dict>
			<key>fileRef</key>
			<string>F7AFFF3F190C8463006AEFE2</string>
			<key>isa</key>
			<string>PBXBuildFile</string>
		</dict>
		<key>F7AFFF44190C8917006AEFE2</key>
		<dict>
			<key>fileEncoding</key>
			<string>4</string>
			<key>isa</key>
			<string>PBXFileReference</string>
			<key>lastKnownFileType</key>
			<string>sourcecode.c.h</string>
			<key>name</key>
			<string>KBPublicKeys.h</string>
			<key>path</key>
			<string>Models/KBPublicKeys.h</string>
			<key>sourceTree</key>
			<string>&lt;group&gt;</string>
		</dict>
		<key>F7AFFF45190C8917006AEFE2</key>
		<dict>
			<key>fileEncoding</key>
			<string>4</string>
			<key>isa</key>
			<string>PBXFileReference</string>
			<key>lastKnownFileType</key>
			<string>sourcecode.c.objc</string>
			<key>name</key>
			<string>KBPublicKeys.m</string>
			<key>path</key>
			<string>Models/KBPublicKeys.m</string>
			<key>sourceTree</key>
			<string>&lt;group&gt;</string>
		</dict>
		<key>F7AFFF46190C8917006AEFE2</key>
		<dict>
			<key>fileRef</key>
			<string>F7AFFF45190C8917006AEFE2</string>
			<key>isa</key>
			<string>PBXBuildFile</string>
		</dict>
		<key>F7AFFF47190C8DB7006AEFE2</key>
		<dict>
			<key>fileEncoding</key>
			<string>4</string>
			<key>isa</key>
			<string>PBXFileReference</string>
			<key>lastKnownFileType</key>
			<string>sourcecode.c.h</string>
			<key>name</key>
			<string>KBPrivateKeys.h</string>
			<key>path</key>
			<string>Models/KBPrivateKeys.h</string>
			<key>sourceTree</key>
			<string>&lt;group&gt;</string>
		</dict>
		<key>F7AFFF48190C8DB7006AEFE2</key>
		<dict>
			<key>fileEncoding</key>
			<string>4</string>
			<key>isa</key>
			<string>PBXFileReference</string>
			<key>lastKnownFileType</key>
			<string>sourcecode.c.objc</string>
			<key>name</key>
			<string>KBPrivateKeys.m</string>
			<key>path</key>
			<string>Models/KBPrivateKeys.m</string>
			<key>sourceTree</key>
			<string>&lt;group&gt;</string>
		</dict>
		<key>F7AFFF49190C8DB7006AEFE2</key>
		<dict>
			<key>fileRef</key>
			<string>F7AFFF48190C8DB7006AEFE2</string>
			<key>isa</key>
			<string>PBXBuildFile</string>
		</dict>
		<key>F7AFFF4A190C8E07006AEFE2</key>
		<dict>
			<key>fileEncoding</key>
			<string>4</string>
			<key>isa</key>
			<string>PBXFileReference</string>
			<key>lastKnownFileType</key>
			<string>sourcecode.c.h</string>
			<key>name</key>
			<string>KBPublicKey.h</string>
			<key>path</key>
			<string>Models/KBPublicKey.h</string>
			<key>sourceTree</key>
			<string>&lt;group&gt;</string>
		</dict>
		<key>F7AFFF4B190C8E07006AEFE2</key>
		<dict>
			<key>fileEncoding</key>
			<string>4</string>
			<key>isa</key>
			<string>PBXFileReference</string>
			<key>lastKnownFileType</key>
			<string>sourcecode.c.objc</string>
			<key>name</key>
			<string>KBPublicKey.m</string>
			<key>path</key>
			<string>Models/KBPublicKey.m</string>
			<key>sourceTree</key>
			<string>&lt;group&gt;</string>
		</dict>
		<key>F7AFFF4C190C8E07006AEFE2</key>
		<dict>
			<key>fileRef</key>
			<string>F7AFFF4B190C8E07006AEFE2</string>
			<key>isa</key>
			<string>PBXBuildFile</string>
		</dict>
		<key>F7AFFF4D190C9560006AEFE2</key>
		<dict>
			<key>children</key>
			<array>
				<string>F7AFFF3E190C8463006AEFE2</string>
				<string>F7AFFF3F190C8463006AEFE2</string>
				<string>F7AFFF4A190C8E07006AEFE2</string>
				<string>F7AFFF4B190C8E07006AEFE2</string>
				<string>F7AFFF47190C8DB7006AEFE2</string>
				<string>F7AFFF48190C8DB7006AEFE2</string>
				<string>F7AFFF44190C8917006AEFE2</string>
				<string>F7AFFF45190C8917006AEFE2</string>
			</array>
			<key>isa</key>
			<string>PBXGroup</string>
			<key>name</key>
			<string>Keys</string>
			<key>sourceTree</key>
			<string>&lt;group&gt;</string>
		</dict>
		<key>F7AFFF4E190C956E006AEFE2</key>
		<dict>
			<key>children</key>
			<array>
				<string>F7AFFF34190B5DA0006AEFE2</string>
				<string>F7AFFF35190B5DA0006AEFE2</string>
				<string>F7AFFF38190B6077006AEFE2</string>
				<string>F7AFFF39190B6077006AEFE2</string>
				<string>F7AFFF3B190C7BFF006AEFE2</string>
				<string>F7AFFF3C190C7BFF006AEFE2</string>
				<string>F768BD70191989BC0024FDB2</string>
				<string>F768BD71191989BC0024FDB2</string>
				<string>F7AFFF4D190C9560006AEFE2</string>
			</array>
			<key>isa</key>
			<string>PBXGroup</string>
			<key>name</key>
			<string>KeyBase</string>
			<key>sourceTree</key>
			<string>&lt;group&gt;</string>
		</dict>
		<key>F7AFFF4F190C987E006AEFE2</key>
		<dict>
			<key>fileEncoding</key>
			<string>4</string>
			<key>isa</key>
			<string>PBXFileReference</string>
			<key>lastKnownFileType</key>
			<string>sourcecode.c.h</string>
			<key>name</key>
			<string>CSAPIConstants.h</string>
			<key>path</key>
			<string>API/CSAPIConstants.h</string>
			<key>sourceTree</key>
			<string>&lt;group&gt;</string>
		</dict>
		<key>F7AFFF50190C987E006AEFE2</key>
		<dict>
			<key>fileEncoding</key>
			<string>4</string>
			<key>isa</key>
			<string>PBXFileReference</string>
			<key>lastKnownFileType</key>
			<string>sourcecode.c.objc</string>
			<key>name</key>
			<string>CSAPIConstants.m</string>
			<key>path</key>
			<string>API/CSAPIConstants.m</string>
			<key>sourceTree</key>
			<string>&lt;group&gt;</string>
		</dict>
		<key>F7AFFF51190C987E006AEFE2</key>
		<dict>
			<key>fileRef</key>
			<string>F7AFFF50190C987E006AEFE2</string>
			<key>isa</key>
			<string>PBXBuildFile</string>
		</dict>
		<key>F7AFFF5A190D7973006AEFE2</key>
		<dict>
			<key>fileEncoding</key>
			<string>4</string>
			<key>isa</key>
			<string>PBXFileReference</string>
			<key>lastKnownFileType</key>
			<string>text</string>
			<key>path</key>
			<string>encrypted.gpg</string>
			<key>sourceTree</key>
			<string>SOURCE_ROOT</string>
		</dict>
		<key>F7AFFF5B190D7973006AEFE2</key>
		<dict>
			<key>fileRef</key>
			<string>F7AFFF5A190D7973006AEFE2</string>
			<key>isa</key>
			<string>PBXBuildFile</string>
		</dict>
		<key>F7AFFF5F190DCC17006AEFE2</key>
		<dict>
			<key>fileEncoding</key>
			<string>4</string>
			<key>isa</key>
			<string>PBXFileReference</string>
			<key>lastKnownFileType</key>
			<string>sourcecode.c.h</string>
			<key>name</key>
			<string>CSKBSearchTableViewController.h</string>
			<key>path</key>
			<string>ViewControllers/CSKBSearchTableViewController.h</string>
			<key>sourceTree</key>
			<string>&lt;group&gt;</string>
		</dict>
		<key>F7AFFF60190DCC17006AEFE2</key>
		<dict>
			<key>fileEncoding</key>
			<string>4</string>
			<key>isa</key>
			<string>PBXFileReference</string>
			<key>lastKnownFileType</key>
			<string>sourcecode.c.objc</string>
			<key>name</key>
			<string>CSKBSearchTableViewController.m</string>
			<key>path</key>
			<string>ViewControllers/CSKBSearchTableViewController.m</string>
			<key>sourceTree</key>
			<string>&lt;group&gt;</string>
		</dict>
		<key>F7AFFF61190DCC17006AEFE2</key>
		<dict>
			<key>fileRef</key>
			<string>F7AFFF60190DCC17006AEFE2</string>
			<key>isa</key>
			<string>PBXBuildFile</string>
		</dict>
		<key>F7AFFF62190DCDC6006AEFE2</key>
		<dict>
			<key>fileEncoding</key>
			<string>4</string>
			<key>isa</key>
			<string>PBXFileReference</string>
			<key>lastKnownFileType</key>
			<string>sourcecode.c.h</string>
			<key>name</key>
			<string>KBUserTableViewCell.h</string>
			<key>path</key>
			<string>Views/KBUserTableViewCell.h</string>
			<key>sourceTree</key>
			<string>&lt;group&gt;</string>
		</dict>
		<key>F7AFFF63190DCDC6006AEFE2</key>
		<dict>
			<key>fileEncoding</key>
			<string>4</string>
			<key>isa</key>
			<string>PBXFileReference</string>
			<key>lastKnownFileType</key>
			<string>sourcecode.c.objc</string>
			<key>name</key>
			<string>KBUserTableViewCell.m</string>
			<key>path</key>
			<string>Views/KBUserTableViewCell.m</string>
			<key>sourceTree</key>
			<string>&lt;group&gt;</string>
		</dict>
		<key>F7AFFF64190DCDC6006AEFE2</key>
		<dict>
			<key>fileRef</key>
			<string>F7AFFF63190DCDC6006AEFE2</string>
			<key>isa</key>
			<string>PBXBuildFile</string>
		</dict>
		<key>F7AFFF65190DCDD7006AEFE2</key>
		<dict>
			<key>children</key>
			<array>
				<string>F7AFFF62190DCDC6006AEFE2</string>
				<string>F7AFFF63190DCDC6006AEFE2</string>
				<string>F768BD821919BB2F0024FDB2</string>
				<string>F768BD831919BB2F0024FDB2</string>
			</array>
			<key>isa</key>
			<string>PBXGroup</string>
			<key>name</key>
			<string>Views</string>
			<key>sourceTree</key>
			<string>&lt;group&gt;</string>
		</dict>
		<key>F7B054E81916FE85004CF82B</key>
		<dict>
			<key>isa</key>
			<string>PBXFileReference</string>
			<key>lastKnownFileType</key>
			<string>wrapper.framework</string>
			<key>name</key>
			<string>JavaScriptCore.framework</string>
			<key>path</key>
			<string>System/Library/Frameworks/JavaScriptCore.framework</string>
			<key>sourceTree</key>
			<string>SDKROOT</string>
		</dict>
		<key>F7B054E91916FE85004CF82B</key>
		<dict>
			<key>fileRef</key>
			<string>F7B054E81916FE85004CF82B</string>
			<key>isa</key>
			<string>PBXBuildFile</string>
		</dict>
		<key>F7B054EA191700B1004CF82B</key>
		<dict>
			<key>fileEncoding</key>
			<string>4</string>
			<key>isa</key>
			<string>PBXFileReference</string>
			<key>lastKnownFileType</key>
			<string>sourcecode.javascript</string>
			<key>path</key>
			<string>openpgp.js</string>
			<key>sourceTree</key>
			<string>&lt;group&gt;</string>
		</dict>
		<key>F7B054EB191700B1004CF82B</key>
		<dict>
			<key>fileRef</key>
			<string>F7B054EA191700B1004CF82B</string>
			<key>isa</key>
			<string>PBXBuildFile</string>
		</dict>
		<key>F7B054EC19172D83004CF82B</key>
		<dict>
			<key>fileEncoding</key>
			<string>4</string>
			<key>isa</key>
			<string>PBXFileReference</string>
			<key>lastKnownFileType</key>
			<string>text.html</string>
			<key>path</key>
			<string>helper.html</string>
			<key>sourceTree</key>
			<string>&lt;group&gt;</string>
		</dict>
		<key>F7B054ED19172D83004CF82B</key>
		<dict>
			<key>fileRef</key>
			<string>F7B054EC19172D83004CF82B</string>
			<key>isa</key>
			<string>PBXBuildFile</string>
		</dict>
		<key>F7D09E3818E90C93008C95E1</key>
		<dict>
			<key>isa</key>
			<string>PBXFileReference</string>
			<key>lastKnownFileType</key>
			<string>archive.ar</string>
			<key>name</key>
			<string>libssl.a</string>
			<key>path</key>
			<string>../ios-openssl/lib/libssl.a</string>
			<key>sourceTree</key>
			<string>&lt;group&gt;</string>
		</dict>
		<key>F7D09E3A18E90CA8008C95E1</key>
		<dict>
			<key>isa</key>
			<string>PBXFileReference</string>
			<key>lastKnownFileType</key>
			<string>archive.ar</string>
			<key>name</key>
			<string>libcrypto.a</string>
			<key>path</key>
			<string>../ios-openssl/lib/libcrypto.a</string>
			<key>sourceTree</key>
			<string>&lt;group&gt;</string>
		</dict>
		<key>F7E3DBFD18E9169C008A6678</key>
		<dict>
			<key>children</key>
			<array>
				<string>F7E3DC0118E92687008A6678</string>
				<string>F7E3DC0218E92687008A6678</string>
				<string>F7F668D718EA37B800D4F692</string>
				<string>F7F668D818EA37B800D4F692</string>
				<string>F768BD791919A3450024FDB2</string>
				<string>F768BD7A1919A3450024FDB2</string>
				<string>F768BD851919C3180024FDB2</string>
				<string>F768BD861919C3180024FDB2</string>
			</array>
			<key>isa</key>
			<string>PBXGroup</string>
			<key>name</key>
			<string>Extensions</string>
			<key>sourceTree</key>
			<string>&lt;group&gt;</string>
		</dict>
		<key>F7E3DC0118E92687008A6678</key>
		<dict>
			<key>fileEncoding</key>
			<string>4</string>
			<key>isa</key>
			<string>PBXFileReference</string>
			<key>lastKnownFileType</key>
			<string>sourcecode.c.h</string>
			<key>name</key>
			<string>NSString+Base64.h</string>
			<key>path</key>
			<string>Extensions/NSString+Base64.h</string>
			<key>sourceTree</key>
			<string>&lt;group&gt;</string>
		</dict>
		<key>F7E3DC0218E92687008A6678</key>
		<dict>
			<key>fileEncoding</key>
			<string>4</string>
			<key>isa</key>
			<string>PBXFileReference</string>
			<key>lastKnownFileType</key>
			<string>sourcecode.c.objc</string>
			<key>name</key>
			<string>NSString+Base64.m</string>
			<key>path</key>
			<string>Extensions/NSString+Base64.m</string>
			<key>sourceTree</key>
			<string>&lt;group&gt;</string>
		</dict>
		<key>F7E3DC0318E92687008A6678</key>
		<dict>
			<key>fileRef</key>
			<string>F7E3DC0218E92687008A6678</string>
			<key>isa</key>
			<string>PBXBuildFile</string>
		</dict>
		<key>F7F668B418EA29B700D4F692</key>
		<dict>
			<key>children</key>
			<array>
				<string>F7F668B518EA29B700D4F692</string>
				<string>F7F668BC18EA29B700D4F692</string>
				<string>F7F668BD18EA29B700D4F692</string>
				<string>F7F668C218EA29B700D4F692</string>
				<string>F7AFFF5A190D7973006AEFE2</string>
			</array>
			<key>isa</key>
			<string>PBXGroup</string>
			<key>name</key>
			<string>scrypt</string>
			<key>path</key>
			<string>../lib</string>
			<key>sourceTree</key>
			<string>&lt;group&gt;</string>
		</dict>
		<key>F7F668B518EA29B700D4F692</key>
		<dict>
			<key>children</key>
			<array>
				<string>F7AFFF06190B2FB9006AEFE2</string>
				<string>F7AFFF07190B2FB9006AEFE2</string>
				<string>F7F668B618EA29B700D4F692</string>
				<string>F7F668B718EA29B700D4F692</string>
				<string>F7F668B818EA29B700D4F692</string>
				<string>F7F668B918EA29B700D4F692</string>
			</array>
			<key>isa</key>
			<string>PBXGroup</string>
			<key>path</key>
			<string>crypto</string>
			<key>sourceTree</key>
			<string>&lt;group&gt;</string>
		</dict>
		<key>F7F668B618EA29B700D4F692</key>
		<dict>
			<key>fileEncoding</key>
			<string>4</string>
			<key>isa</key>
			<string>PBXFileReference</string>
			<key>lastKnownFileType</key>
			<string>sourcecode.c.c</string>
			<key>path</key>
			<string>crypto_aesctr.c</string>
			<key>sourceTree</key>
			<string>&lt;group&gt;</string>
		</dict>
		<key>F7F668B718EA29B700D4F692</key>
		<dict>
			<key>fileEncoding</key>
			<string>4</string>
			<key>isa</key>
			<string>PBXFileReference</string>
			<key>lastKnownFileType</key>
			<string>sourcecode.c.h</string>
			<key>path</key>
			<string>crypto_aesctr.h</string>
			<key>sourceTree</key>
			<string>&lt;group&gt;</string>
		</dict>
		<key>F7F668B818EA29B700D4F692</key>
		<dict>
			<key>fileEncoding</key>
			<string>4</string>
			<key>isa</key>
			<string>PBXFileReference</string>
			<key>lastKnownFileType</key>
			<string>sourcecode.c.c</string>
			<key>path</key>
			<string>crypto_scrypt-ref.c</string>
			<key>sourceTree</key>
			<string>&lt;group&gt;</string>
		</dict>
		<key>F7F668B918EA29B700D4F692</key>
		<dict>
			<key>fileEncoding</key>
			<string>4</string>
			<key>isa</key>
			<string>PBXFileReference</string>
			<key>lastKnownFileType</key>
			<string>sourcecode.c.h</string>
			<key>path</key>
			<string>crypto_scrypt.h</string>
			<key>sourceTree</key>
			<string>&lt;group&gt;</string>
		</dict>
		<key>F7F668BC18EA29B700D4F692</key>
		<dict>
			<key>fileEncoding</key>
			<string>4</string>
			<key>isa</key>
			<string>PBXFileReference</string>
			<key>lastKnownFileType</key>
			<string>text</string>
			<key>path</key>
			<string>README</string>
			<key>sourceTree</key>
			<string>&lt;group&gt;</string>
		</dict>
		<key>F7F668BD18EA29B700D4F692</key>
		<dict>
			<key>children</key>
			<array>
				<string>F7F668BE18EA29B700D4F692</string>
				<string>F7F668BF18EA29B700D4F692</string>
				<string>F7F668C018EA29B700D4F692</string>
				<string>F7F668C118EA29B700D4F692</string>
			</array>
			<key>isa</key>
			<string>PBXGroup</string>
			<key>path</key>
			<string>scryptenc</string>
			<key>sourceTree</key>
			<string>&lt;group&gt;</string>
		</dict>
		<key>F7F668BE18EA29B700D4F692</key>
		<dict>
			<key>fileEncoding</key>
			<string>4</string>
			<key>isa</key>
			<string>PBXFileReference</string>
			<key>lastKnownFileType</key>
			<string>sourcecode.c.c</string>
			<key>path</key>
			<string>scryptenc.c</string>
			<key>sourceTree</key>
			<string>&lt;group&gt;</string>
		</dict>
		<key>F7F668BF18EA29B700D4F692</key>
		<dict>
			<key>fileEncoding</key>
			<string>4</string>
			<key>isa</key>
			<string>PBXFileReference</string>
			<key>lastKnownFileType</key>
			<string>sourcecode.c.h</string>
			<key>path</key>
			<string>scryptenc.h</string>
			<key>sourceTree</key>
			<string>&lt;group&gt;</string>
		</dict>
		<key>F7F668C018EA29B700D4F692</key>
		<dict>
			<key>fileEncoding</key>
			<string>4</string>
			<key>isa</key>
			<string>PBXFileReference</string>
			<key>lastKnownFileType</key>
			<string>sourcecode.c.c</string>
			<key>path</key>
			<string>scryptenc_cpuperf.c</string>
			<key>sourceTree</key>
			<string>&lt;group&gt;</string>
		</dict>
		<key>F7F668C118EA29B700D4F692</key>
		<dict>
			<key>fileEncoding</key>
			<string>4</string>
			<key>isa</key>
			<string>PBXFileReference</string>
			<key>lastKnownFileType</key>
			<string>sourcecode.c.h</string>
			<key>path</key>
			<string>scryptenc_cpuperf.h</string>
			<key>sourceTree</key>
			<string>&lt;group&gt;</string>
		</dict>
		<key>F7F668C218EA29B700D4F692</key>
		<dict>
			<key>children</key>
			<array>
				<string>F7F668C318EA29B700D4F692</string>
				<string>F7F668C418EA29B700D4F692</string>
				<string>F7F668C518EA29B700D4F692</string>
				<string>F7F668C618EA29B700D4F692</string>
				<string>F7F668C718EA29B700D4F692</string>
				<string>F7F668C818EA29B700D4F692</string>
				<string>F7F668C918EA29B700D4F692</string>
			</array>
			<key>isa</key>
			<string>PBXGroup</string>
			<key>path</key>
			<string>util</string>
			<key>sourceTree</key>
			<string>&lt;group&gt;</string>
		</dict>
		<key>F7F668C318EA29B700D4F692</key>
		<dict>
			<key>fileEncoding</key>
			<string>4</string>
			<key>isa</key>
			<string>PBXFileReference</string>
			<key>lastKnownFileType</key>
			<string>sourcecode.c.c</string>
			<key>path</key>
			<string>memlimit.c</string>
			<key>sourceTree</key>
			<string>&lt;group&gt;</string>
		</dict>
		<key>F7F668C418EA29B700D4F692</key>
		<dict>
			<key>fileEncoding</key>
			<string>4</string>
			<key>isa</key>
			<string>PBXFileReference</string>
			<key>lastKnownFileType</key>
			<string>sourcecode.c.h</string>
			<key>path</key>
			<string>memlimit.h</string>
			<key>sourceTree</key>
			<string>&lt;group&gt;</string>
		</dict>
		<key>F7F668C518EA29B700D4F692</key>
		<dict>
			<key>fileEncoding</key>
			<string>4</string>
			<key>isa</key>
			<string>PBXFileReference</string>
			<key>lastKnownFileType</key>
			<string>sourcecode.c.c</string>
			<key>path</key>
			<string>readpass.c</string>
			<key>sourceTree</key>
			<string>&lt;group&gt;</string>
		</dict>
		<key>F7F668C618EA29B700D4F692</key>
		<dict>
			<key>fileEncoding</key>
			<string>4</string>
			<key>isa</key>
			<string>PBXFileReference</string>
			<key>lastKnownFileType</key>
			<string>sourcecode.c.h</string>
			<key>path</key>
			<string>readpass.h</string>
			<key>sourceTree</key>
			<string>&lt;group&gt;</string>
		</dict>
		<key>F7F668C718EA29B700D4F692</key>
		<dict>
			<key>fileEncoding</key>
			<string>4</string>
			<key>isa</key>
			<string>PBXFileReference</string>
			<key>lastKnownFileType</key>
			<string>sourcecode.c.h</string>
			<key>path</key>
			<string>sysendian.h</string>
			<key>sourceTree</key>
			<string>&lt;group&gt;</string>
		</dict>
		<key>F7F668C818EA29B700D4F692</key>
		<dict>
			<key>fileEncoding</key>
			<string>4</string>
			<key>isa</key>
			<string>PBXFileReference</string>
			<key>lastKnownFileType</key>
			<string>sourcecode.c.c</string>
			<key>path</key>
			<string>warn.c</string>
			<key>sourceTree</key>
			<string>&lt;group&gt;</string>
		</dict>
		<key>F7F668C918EA29B700D4F692</key>
		<dict>
			<key>fileEncoding</key>
			<string>4</string>
			<key>isa</key>
			<string>PBXFileReference</string>
			<key>lastKnownFileType</key>
			<string>sourcecode.c.h</string>
			<key>path</key>
			<string>warn.h</string>
			<key>sourceTree</key>
			<string>&lt;group&gt;</string>
		</dict>
		<key>F7F668CA18EA29B700D4F692</key>
		<dict>
			<key>fileRef</key>
			<string>F7F668B618EA29B700D4F692</string>
			<key>isa</key>
			<string>PBXBuildFile</string>
		</dict>
		<key>F7F668CB18EA29B700D4F692</key>
		<dict>
			<key>fileRef</key>
			<string>F7F668B818EA29B700D4F692</string>
			<key>isa</key>
			<string>PBXBuildFile</string>
		</dict>
		<key>F7F668CD18EA29B700D4F692</key>
		<dict>
			<key>fileRef</key>
			<string>F7F668BC18EA29B700D4F692</string>
			<key>isa</key>
			<string>PBXBuildFile</string>
		</dict>
		<key>F7F668CE18EA29B700D4F692</key>
		<dict>
			<key>fileRef</key>
			<string>F7F668BE18EA29B700D4F692</string>
			<key>isa</key>
			<string>PBXBuildFile</string>
		</dict>
		<key>F7F668CF18EA29B700D4F692</key>
		<dict>
			<key>fileRef</key>
			<string>F7F668C018EA29B700D4F692</string>
			<key>isa</key>
			<string>PBXBuildFile</string>
		</dict>
		<key>F7F668D018EA29B700D4F692</key>
		<dict>
			<key>fileRef</key>
			<string>F7F668C318EA29B700D4F692</string>
			<key>isa</key>
			<string>PBXBuildFile</string>
		</dict>
		<key>F7F668D118EA29B700D4F692</key>
		<dict>
			<key>fileRef</key>
			<string>F7F668C518EA29B700D4F692</string>
			<key>isa</key>
			<string>PBXBuildFile</string>
		</dict>
		<key>F7F668D218EA29B700D4F692</key>
		<dict>
			<key>fileRef</key>
			<string>F7F668C818EA29B700D4F692</string>
			<key>isa</key>
			<string>PBXBuildFile</string>
		</dict>
		<key>F7F668D318EA2BC100D4F692</key>
		<dict>
			<key>fileEncoding</key>
			<string>4</string>
			<key>isa</key>
			<string>PBXFileReference</string>
			<key>lastKnownFileType</key>
			<string>sourcecode.c.h</string>
			<key>name</key>
			<string>CSEncryption.h</string>
			<key>path</key>
			<string>Encryption/CSEncryption.h</string>
			<key>sourceTree</key>
			<string>&lt;group&gt;</string>
		</dict>
		<key>F7F668D418EA2BC100D4F692</key>
		<dict>
			<key>fileEncoding</key>
			<string>4</string>
			<key>isa</key>
			<string>PBXFileReference</string>
			<key>lastKnownFileType</key>
			<string>sourcecode.c.objc</string>
			<key>name</key>
			<string>CSEncryption.m</string>
			<key>path</key>
			<string>Encryption/CSEncryption.m</string>
			<key>sourceTree</key>
			<string>&lt;group&gt;</string>
		</dict>
		<key>F7F668D518EA2BC100D4F692</key>
		<dict>
			<key>fileRef</key>
			<string>F7F668D418EA2BC100D4F692</string>
			<key>isa</key>
			<string>PBXBuildFile</string>
		</dict>
		<key>F7F668D618EA2C0700D4F692</key>
		<dict>
			<key>children</key>
			<array>
				<string>F7F668D318EA2BC100D4F692</string>
				<string>F7F668D418EA2BC100D4F692</string>
				<string>F74D11AA191741C9001F9B71</string>
				<string>F74D11AB191741C9001F9B71</string>
			</array>
			<key>isa</key>
			<string>PBXGroup</string>
			<key>name</key>
			<string>Encryption</string>
			<key>sourceTree</key>
			<string>&lt;group&gt;</string>
		</dict>
		<key>F7F668D718EA37B800D4F692</key>
		<dict>
			<key>fileEncoding</key>
			<string>4</string>
			<key>isa</key>
			<string>PBXFileReference</string>
			<key>lastKnownFileType</key>
			<string>sourcecode.c.h</string>
			<key>name</key>
			<string>NSData+Base64.h</string>
			<key>path</key>
			<string>Extensions/NSData+Base64.h</string>
			<key>sourceTree</key>
			<string>&lt;group&gt;</string>
		</dict>
		<key>F7F668D818EA37B800D4F692</key>
		<dict>
			<key>fileEncoding</key>
			<string>4</string>
			<key>isa</key>
			<string>PBXFileReference</string>
			<key>lastKnownFileType</key>
			<string>sourcecode.c.objc</string>
			<key>name</key>
			<string>NSData+Base64.m</string>
			<key>path</key>
			<string>Extensions/NSData+Base64.m</string>
			<key>sourceTree</key>
			<string>&lt;group&gt;</string>
		</dict>
		<key>F7F668D918EA37B800D4F692</key>
		<dict>
			<key>fileRef</key>
			<string>F7F668D818EA37B800D4F692</string>
			<key>isa</key>
			<string>PBXBuildFile</string>
		</dict>
	</dict>
	<key>rootObject</key>
	<string>F74C655618E90563006CB71E</string>
</dict>
</plist>
